// !$*UTF8*$!
{
	archiveVersion = 1;
	classes = {
	};
	objectVersion = 46;
	objects = {

/* Begin PBXBuildFile section */
		DBAF5C6C18ACB574007E9330 /* Foundation.framework in Frameworks */ = {isa = PBXBuildFile; fileRef = DBAF5C6B18ACB573007E9330 /* Foundation.framework */; };
		DBAF5C6E18ACB574007E9330 /* CoreGraphics.framework in Frameworks */ = {isa = PBXBuildFile; fileRef = DBAF5C6D18ACB574007E9330 /* CoreGraphics.framework */; };
		DBAF5C7018ACB574007E9330 /* UIKit.framework in Frameworks */ = {isa = PBXBuildFile; fileRef = DBAF5C6F18ACB574007E9330 /* UIKit.framework */; };
		DBAF5C7618ACB574007E9330 /* InfoPlist.strings in Resources */ = {isa = PBXBuildFile; fileRef = DBAF5C7418ACB574007E9330 /* InfoPlist.strings */; };
		DBAF5C7818ACB574007E9330 /* main.m in Sources */ = {isa = PBXBuildFile; fileRef = DBAF5C7718ACB574007E9330 /* main.m */; };
		DBAF5C7C18ACB574007E9330 /* AppDelegate.m in Sources */ = {isa = PBXBuildFile; fileRef = DBAF5C7B18ACB574007E9330 /* AppDelegate.m */; };
		DBAF5C7F18ACB574007E9330 /* Main.storyboard in Resources */ = {isa = PBXBuildFile; fileRef = DBAF5C7D18ACB574007E9330 /* Main.storyboard */; };
		DBAF5C8218ACB574007E9330 /* ViewController.m in Sources */ = {isa = PBXBuildFile; fileRef = DBAF5C8118ACB574007E9330 /* ViewController.m */; };
		DBAF5C8418ACB574007E9330 /* Images.xcassets in Resources */ = {isa = PBXBuildFile; fileRef = DBAF5C8318ACB574007E9330 /* Images.xcassets */; };
		DBAF5C8B18ACB574007E9330 /* XCTest.framework in Frameworks */ = {isa = PBXBuildFile; fileRef = DBAF5C8A18ACB574007E9330 /* XCTest.framework */; };
		DBAF5C8C18ACB574007E9330 /* Foundation.framework in Frameworks */ = {isa = PBXBuildFile; fileRef = DBAF5C6B18ACB573007E9330 /* Foundation.framework */; };
		DBAF5C8D18ACB574007E9330 /* UIKit.framework in Frameworks */ = {isa = PBXBuildFile; fileRef = DBAF5C6F18ACB574007E9330 /* UIKit.framework */; };
		DBAF5C9518ACB574007E9330 /* InfoPlist.strings in Resources */ = {isa = PBXBuildFile; fileRef = DBAF5C9318ACB574007E9330 /* InfoPlist.strings */; };
		DBAF5C9718ACB574007E9330 /* ToToToeicRCTests.m in Sources */ = {isa = PBXBuildFile; fileRef = DBAF5C9618ACB574007E9330 /* ToToToeicRCTests.m */; };
		DBAF5CA218ACB5C5007E9330 /* SubViewController1.m in Sources */ = {isa = PBXBuildFile; fileRef = DBAF5CA118ACB5C5007E9330 /* SubViewController1.m */; };
		DBAF5CA518ACB5DD007E9330 /* SubViewController2.m in Sources */ = {isa = PBXBuildFile; fileRef = DBAF5CA418ACB5DD007E9330 /* SubViewController2.m */; };
		DBAF5CA818ACB5EE007E9330 /* SubViewController3.m in Sources */ = {isa = PBXBuildFile; fileRef = DBAF5CA718ACB5EE007E9330 /* SubViewController3.m */; };
		DBAF5D5E18ACB734007E9330 /* 02.png in Resources */ = {isa = PBXBuildFile; fileRef = DBAF5CAA18ACB733007E9330 /* 02.png */; };
		DBAF5D5F18ACB734007E9330 /* 02@2x.png in Resources */ = {isa = PBXBuildFile; fileRef = DBAF5CAB18ACB733007E9330 /* 02@2x.png */; };
		DBAF5D6018ACB734007E9330 /* 03.png in Resources */ = {isa = PBXBuildFile; fileRef = DBAF5CAC18ACB733007E9330 /* 03.png */; };
		DBAF5D6118ACB734007E9330 /* 03@2x.png in Resources */ = {isa = PBXBuildFile; fileRef = DBAF5CAD18ACB733007E9330 /* 03@2x.png */; };
		DBAF5D6218ACB734007E9330 /* 04.png in Resources */ = {isa = PBXBuildFile; fileRef = DBAF5CAE18ACB733007E9330 /* 04.png */; };
		DBAF5D6318ACB734007E9330 /* 04@2x.png in Resources */ = {isa = PBXBuildFile; fileRef = DBAF5CAF18ACB733007E9330 /* 04@2x.png */; };
		DBAF5D6418ACB734007E9330 /* 05.png in Resources */ = {isa = PBXBuildFile; fileRef = DBAF5CB018ACB733007E9330 /* 05.png */; };
		DBAF5D6518ACB734007E9330 /* 05@2x.png in Resources */ = {isa = PBXBuildFile; fileRef = DBAF5CB118ACB733007E9330 /* 05@2x.png */; };
		DBAF5D6618ACB734007E9330 /* 06.png in Resources */ = {isa = PBXBuildFile; fileRef = DBAF5CB218ACB733007E9330 /* 06.png */; };
		DBAF5D6718ACB734007E9330 /* 06@2x.png in Resources */ = {isa = PBXBuildFile; fileRef = DBAF5CB318ACB733007E9330 /* 06@2x.png */; };
		DBAF5D6818ACB734007E9330 /* 07.png in Resources */ = {isa = PBXBuildFile; fileRef = DBAF5CB418ACB733007E9330 /* 07.png */; };
		DBAF5D6918ACB734007E9330 /* 07@2x.png in Resources */ = {isa = PBXBuildFile; fileRef = DBAF5CB518ACB733007E9330 /* 07@2x.png */; };
		DBAF5D6A18ACB734007E9330 /* 08.png in Resources */ = {isa = PBXBuildFile; fileRef = DBAF5CB618ACB733007E9330 /* 08.png */; };
		DBAF5D6B18ACB734007E9330 /* 08@2x.png in Resources */ = {isa = PBXBuildFile; fileRef = DBAF5CB718ACB733007E9330 /* 08@2x.png */; };
		DBAF5D6C18ACB734007E9330 /* 09.png in Resources */ = {isa = PBXBuildFile; fileRef = DBAF5CB818ACB733007E9330 /* 09.png */; };
		DBAF5D6D18ACB734007E9330 /* 09@2x.png in Resources */ = {isa = PBXBuildFile; fileRef = DBAF5CB918ACB733007E9330 /* 09@2x.png */; };
		DBAF5D6E18ACB734007E9330 /* 10.png in Resources */ = {isa = PBXBuildFile; fileRef = DBAF5CBA18ACB733007E9330 /* 10.png */; };
		DBAF5D6F18ACB734007E9330 /* 10@2x.png in Resources */ = {isa = PBXBuildFile; fileRef = DBAF5CBB18ACB733007E9330 /* 10@2x.png */; };
		DBAF5D7018ACB734007E9330 /* 11.png in Resources */ = {isa = PBXBuildFile; fileRef = DBAF5CBC18ACB733007E9330 /* 11.png */; };
		DBAF5D7118ACB734007E9330 /* 11@2x.png in Resources */ = {isa = PBXBuildFile; fileRef = DBAF5CBD18ACB733007E9330 /* 11@2x.png */; };
		DBAF5D7218ACB734007E9330 /* 12.png in Resources */ = {isa = PBXBuildFile; fileRef = DBAF5CBE18ACB733007E9330 /* 12.png */; };
		DBAF5D7318ACB734007E9330 /* 12@2x.png in Resources */ = {isa = PBXBuildFile; fileRef = DBAF5CBF18ACB733007E9330 /* 12@2x.png */; };
		DBAF5D7418ACB734007E9330 /* 13.png in Resources */ = {isa = PBXBuildFile; fileRef = DBAF5CC018ACB733007E9330 /* 13.png */; };
		DBAF5D7518ACB734007E9330 /* 13@2x.png in Resources */ = {isa = PBXBuildFile; fileRef = DBAF5CC118ACB733007E9330 /* 13@2x.png */; };
		DBAF5D7618ACB734007E9330 /* 14.png in Resources */ = {isa = PBXBuildFile; fileRef = DBAF5CC218ACB733007E9330 /* 14.png */; };
		DBAF5D7718ACB734007E9330 /* 14@2x.png in Resources */ = {isa = PBXBuildFile; fileRef = DBAF5CC318ACB733007E9330 /* 14@2x.png */; };
		DBAF5D7818ACB734007E9330 /* 15.png in Resources */ = {isa = PBXBuildFile; fileRef = DBAF5CC418ACB733007E9330 /* 15.png */; };
		DBAF5D7918ACB734007E9330 /* 15@2x.png in Resources */ = {isa = PBXBuildFile; fileRef = DBAF5CC518ACB733007E9330 /* 15@2x.png */; };
		DBAF5D7A18ACB734007E9330 /* 16.png in Resources */ = {isa = PBXBuildFile; fileRef = DBAF5CC618ACB733007E9330 /* 16.png */; };
		DBAF5D7B18ACB734007E9330 /* 16@2x.png in Resources */ = {isa = PBXBuildFile; fileRef = DBAF5CC718ACB733007E9330 /* 16@2x.png */; };
		DBAF5D7C18ACB734007E9330 /* 17.png in Resources */ = {isa = PBXBuildFile; fileRef = DBAF5CC818ACB733007E9330 /* 17.png */; };
		DBAF5D7D18ACB734007E9330 /* 17@2x.png in Resources */ = {isa = PBXBuildFile; fileRef = DBAF5CC918ACB733007E9330 /* 17@2x.png */; };
		DBAF5D7E18ACB734007E9330 /* 18.png in Resources */ = {isa = PBXBuildFile; fileRef = DBAF5CCA18ACB733007E9330 /* 18.png */; };
		DBAF5D7F18ACB734007E9330 /* 18@2x.png in Resources */ = {isa = PBXBuildFile; fileRef = DBAF5CCB18ACB733007E9330 /* 18@2x.png */; };
		DBAF5D8018ACB734007E9330 /* A.png in Resources */ = {isa = PBXBuildFile; fileRef = DBAF5CCC18ACB733007E9330 /* A.png */; };
		DBAF5D8118ACB734007E9330 /* A@2x.png in Resources */ = {isa = PBXBuildFile; fileRef = DBAF5CCD18ACB733007E9330 /* A@2x.png */; };
		DBAF5D8218ACB734007E9330 /* after.png in Resources */ = {isa = PBXBuildFile; fileRef = DBAF5CCE18ACB733007E9330 /* after.png */; };
		DBAF5D8318ACB734007E9330 /* after@2x.png in Resources */ = {isa = PBXBuildFile; fileRef = DBAF5CCF18ACB734007E9330 /* after@2x.png */; };
		DBAF5D8418ACB734007E9330 /* answercheck.png in Resources */ = {isa = PBXBuildFile; fileRef = DBAF5CD018ACB734007E9330 /* answercheck.png */; };
		DBAF5D8518ACB734007E9330 /* answercheck@2x.png in Resources */ = {isa = PBXBuildFile; fileRef = DBAF5CD118ACB734007E9330 /* answercheck@2x.png */; };
		DBAF5D8618ACB734007E9330 /* B.png in Resources */ = {isa = PBXBuildFile; fileRef = DBAF5CD218ACB734007E9330 /* B.png */; };
		DBAF5D8718ACB734007E9330 /* B@2x.png in Resources */ = {isa = PBXBuildFile; fileRef = DBAF5CD318ACB734007E9330 /* B@2x.png */; };
		DBAF5D8818ACB734007E9330 /* before.png in Resources */ = {isa = PBXBuildFile; fileRef = DBAF5CD418ACB734007E9330 /* before.png */; };
		DBAF5D8918ACB734007E9330 /* before@2x.png in Resources */ = {isa = PBXBuildFile; fileRef = DBAF5CD518ACB734007E9330 /* before@2x.png */; };
		DBAF5D8A18ACB734007E9330 /* book.png in Resources */ = {isa = PBXBuildFile; fileRef = DBAF5CD618ACB734007E9330 /* book.png */; };
		DBAF5D8B18ACB734007E9330 /* book@2x.png in Resources */ = {isa = PBXBuildFile; fileRef = DBAF5CD718ACB734007E9330 /* book@2x.png */; };
		DBAF5D8C18ACB734007E9330 /* box2.png in Resources */ = {isa = PBXBuildFile; fileRef = DBAF5CD818ACB734007E9330 /* box2.png */; };
		DBAF5D8D18ACB734007E9330 /* box2@2x.png in Resources */ = {isa = PBXBuildFile; fileRef = DBAF5CD918ACB734007E9330 /* box2@2x.png */; };
		DBAF5D8E18ACB734007E9330 /* C.png in Resources */ = {isa = PBXBuildFile; fileRef = DBAF5CDA18ACB734007E9330 /* C.png */; };
		DBAF5D8F18ACB734007E9330 /* C@2x.png in Resources */ = {isa = PBXBuildFile; fileRef = DBAF5CDB18ACB734007E9330 /* C@2x.png */; };
		DBAF5D9018ACB734007E9330 /* F.png in Resources */ = {isa = PBXBuildFile; fileRef = DBAF5CDC18ACB734007E9330 /* F.png */; };
		DBAF5D9118ACB734007E9330 /* F@2x.png in Resources */ = {isa = PBXBuildFile; fileRef = DBAF5CDD18ACB734007E9330 /* F@2x.png */; };
		DBAF5D9218ACB734007E9330 /* intro.png in Resources */ = {isa = PBXBuildFile; fileRef = DBAF5CDE18ACB734007E9330 /* intro.png */; };
		DBAF5D9318ACB734007E9330 /* intro2.png in Resources */ = {isa = PBXBuildFile; fileRef = DBAF5CDF18ACB734007E9330 /* intro2.png */; };
		DBAF5D9418ACB734007E9330 /* intro2@2x.png in Resources */ = {isa = PBXBuildFile; fileRef = DBAF5CE018ACB734007E9330 /* intro2@2x.png */; };
		DBAF5D9518ACB734007E9330 /* intro3.png in Resources */ = {isa = PBXBuildFile; fileRef = DBAF5CE118ACB734007E9330 /* intro3.png */; };
		DBAF5D9618ACB734007E9330 /* intro3@2x.png in Resources */ = {isa = PBXBuildFile; fileRef = DBAF5CE218ACB734007E9330 /* intro3@2x.png */; };
		DBAF5D9718ACB734007E9330 /* intro@2x.png in Resources */ = {isa = PBXBuildFile; fileRef = DBAF5CE318ACB734007E9330 /* intro@2x.png */; };
		DBAF5D9818ACB734007E9330 /* mask.png in Resources */ = {isa = PBXBuildFile; fileRef = DBAF5CE418ACB734007E9330 /* mask.png */; };
		DBAF5D9918ACB734007E9330 /* menubg.png in Resources */ = {isa = PBXBuildFile; fileRef = DBAF5CE518ACB734007E9330 /* menubg.png */; };
		DBAF5D9A18ACB734007E9330 /* menubg2.png in Resources */ = {isa = PBXBuildFile; fileRef = DBAF5CE618ACB734007E9330 /* menubg2.png */; };
		DBAF5D9B18ACB734007E9330 /* menubg2@2x.png in Resources */ = {isa = PBXBuildFile; fileRef = DBAF5CE718ACB734007E9330 /* menubg2@2x.png */; };
		DBAF5D9C18ACB734007E9330 /* menubg@2x.png in Resources */ = {isa = PBXBuildFile; fileRef = DBAF5CE818ACB734007E9330 /* menubg@2x.png */; };
		DBAF5D9D18ACB734007E9330 /* noOK.png in Resources */ = {isa = PBXBuildFile; fileRef = DBAF5CE918ACB734007E9330 /* noOK.png */; };
		DBAF5D9E18ACB734007E9330 /* noOK@2x.png in Resources */ = {isa = PBXBuildFile; fileRef = DBAF5CEA18ACB734007E9330 /* noOK@2x.png */; };
		DBAF5D9F18ACB734007E9330 /* note.png in Resources */ = {isa = PBXBuildFile; fileRef = DBAF5CEB18ACB734007E9330 /* note.png */; };
		DBAF5DA018ACB734007E9330 /* note@2x.png in Resources */ = {isa = PBXBuildFile; fileRef = DBAF5CEC18ACB734007E9330 /* note@2x.png */; };
		DBAF5DA118ACB734007E9330 /* Obtn.png in Resources */ = {isa = PBXBuildFile; fileRef = DBAF5CED18ACB734007E9330 /* Obtn.png */; };
		DBAF5DA218ACB734007E9330 /* Obtn@2x.png in Resources */ = {isa = PBXBuildFile; fileRef = DBAF5CEE18ACB734007E9330 /* Obtn@2x.png */; };
		DBAF5DA318ACB734007E9330 /* Obtnimg.png in Resources */ = {isa = PBXBuildFile; fileRef = DBAF5CEF18ACB734007E9330 /* Obtnimg.png */; };
		DBAF5DA418ACB734007E9330 /* Obtnimg@2x.png in Resources */ = {isa = PBXBuildFile; fileRef = DBAF5CF018ACB734007E9330 /* Obtnimg@2x.png */; };
		DBAF5DA518ACB734007E9330 /* OK.png in Resources */ = {isa = PBXBuildFile; fileRef = DBAF5CF118ACB734007E9330 /* OK.png */; };
		DBAF5DA618ACB734007E9330 /* OK@2x.png in Resources */ = {isa = PBXBuildFile; fileRef = DBAF5CF218ACB734007E9330 /* OK@2x.png */; };
		DBAF5DA718ACB734007E9330 /* over02.png in Resources */ = {isa = PBXBuildFile; fileRef = DBAF5CF318ACB734007E9330 /* over02.png */; };
		DBAF5DA818ACB734007E9330 /* over02@2x.png in Resources */ = {isa = PBXBuildFile; fileRef = DBAF5CF418ACB734007E9330 /* over02@2x.png */; };
		DBAF5DA918ACB734007E9330 /* over03.png in Resources */ = {isa = PBXBuildFile; fileRef = DBAF5CF518ACB734007E9330 /* over03.png */; };
		DBAF5DAA18ACB734007E9330 /* over03@2x.png in Resources */ = {isa = PBXBuildFile; fileRef = DBAF5CF618ACB734007E9330 /* over03@2x.png */; };
		DBAF5DAB18ACB734007E9330 /* over04.png in Resources */ = {isa = PBXBuildFile; fileRef = DBAF5CF718ACB734007E9330 /* over04.png */; };
		DBAF5DAC18ACB734007E9330 /* over04@2x.png in Resources */ = {isa = PBXBuildFile; fileRef = DBAF5CF818ACB734007E9330 /* over04@2x.png */; };
		DBAF5DAD18ACB734007E9330 /* over05.png in Resources */ = {isa = PBXBuildFile; fileRef = DBAF5CF918ACB734007E9330 /* over05.png */; };
		DBAF5DAE18ACB734007E9330 /* over05@2x.png in Resources */ = {isa = PBXBuildFile; fileRef = DBAF5CFA18ACB734007E9330 /* over05@2x.png */; };
		DBAF5DAF18ACB734007E9330 /* over06.png in Resources */ = {isa = PBXBuildFile; fileRef = DBAF5CFB18ACB734007E9330 /* over06.png */; };
		DBAF5DB018ACB734007E9330 /* over06@2x.png in Resources */ = {isa = PBXBuildFile; fileRef = DBAF5CFC18ACB734007E9330 /* over06@2x.png */; };
		DBAF5DB118ACB734007E9330 /* over07.png in Resources */ = {isa = PBXBuildFile; fileRef = DBAF5CFD18ACB734007E9330 /* over07.png */; };
		DBAF5DB218ACB734007E9330 /* over07@2x.png in Resources */ = {isa = PBXBuildFile; fileRef = DBAF5CFE18ACB734007E9330 /* over07@2x.png */; };
		DBAF5DB318ACB734007E9330 /* over08.png in Resources */ = {isa = PBXBuildFile; fileRef = DBAF5CFF18ACB734007E9330 /* over08.png */; };
		DBAF5DB418ACB734007E9330 /* over08@2x.png in Resources */ = {isa = PBXBuildFile; fileRef = DBAF5D0018ACB734007E9330 /* over08@2x.png */; };
		DBAF5DB518ACB734007E9330 /* over09.png in Resources */ = {isa = PBXBuildFile; fileRef = DBAF5D0118ACB734007E9330 /* over09.png */; };
		DBAF5DB618ACB734007E9330 /* over09@2x.png in Resources */ = {isa = PBXBuildFile; fileRef = DBAF5D0218ACB734007E9330 /* over09@2x.png */; };
		DBAF5DB718ACB734007E9330 /* over10.png in Resources */ = {isa = PBXBuildFile; fileRef = DBAF5D0318ACB734007E9330 /* over10.png */; };
		DBAF5DB818ACB734007E9330 /* over10@2x.png in Resources */ = {isa = PBXBuildFile; fileRef = DBAF5D0418ACB734007E9330 /* over10@2x.png */; };
		DBAF5DB918ACB734007E9330 /* over11.png in Resources */ = {isa = PBXBuildFile; fileRef = DBAF5D0518ACB734007E9330 /* over11.png */; };
		DBAF5DBA18ACB734007E9330 /* over11@2x.png in Resources */ = {isa = PBXBuildFile; fileRef = DBAF5D0618ACB734007E9330 /* over11@2x.png */; };
		DBAF5DBB18ACB734007E9330 /* over12.png in Resources */ = {isa = PBXBuildFile; fileRef = DBAF5D0718ACB734007E9330 /* over12.png */; };
		DBAF5DBC18ACB734007E9330 /* over12@2x.png in Resources */ = {isa = PBXBuildFile; fileRef = DBAF5D0818ACB734007E9330 /* over12@2x.png */; };
		DBAF5DBD18ACB734007E9330 /* over13.png in Resources */ = {isa = PBXBuildFile; fileRef = DBAF5D0918ACB734007E9330 /* over13.png */; };
		DBAF5DBE18ACB734007E9330 /* over13@2x.png in Resources */ = {isa = PBXBuildFile; fileRef = DBAF5D0A18ACB734007E9330 /* over13@2x.png */; };
		DBAF5DBF18ACB734007E9330 /* over14.png in Resources */ = {isa = PBXBuildFile; fileRef = DBAF5D0B18ACB734007E9330 /* over14.png */; };
		DBAF5DC018ACB734007E9330 /* over14@2x.png in Resources */ = {isa = PBXBuildFile; fileRef = DBAF5D0C18ACB734007E9330 /* over14@2x.png */; };
		DBAF5DC118ACB734007E9330 /* over15.png in Resources */ = {isa = PBXBuildFile; fileRef = DBAF5D0D18ACB734007E9330 /* over15.png */; };
		DBAF5DC218ACB734007E9330 /* over15@2x.png in Resources */ = {isa = PBXBuildFile; fileRef = DBAF5D0E18ACB734007E9330 /* over15@2x.png */; };
		DBAF5DC318ACB734007E9330 /* over16.png in Resources */ = {isa = PBXBuildFile; fileRef = DBAF5D0F18ACB734007E9330 /* over16.png */; };
		DBAF5DC418ACB734007E9330 /* over16@2x.png in Resources */ = {isa = PBXBuildFile; fileRef = DBAF5D1018ACB734007E9330 /* over16@2x.png */; };
		DBAF5DC518ACB734007E9330 /* over17.png in Resources */ = {isa = PBXBuildFile; fileRef = DBAF5D1118ACB734007E9330 /* over17.png */; };
		DBAF5DC618ACB734007E9330 /* over17@2x.png in Resources */ = {isa = PBXBuildFile; fileRef = DBAF5D1218ACB734007E9330 /* over17@2x.png */; };
		DBAF5DC718ACB734007E9330 /* over18.png in Resources */ = {isa = PBXBuildFile; fileRef = DBAF5D1318ACB734007E9330 /* over18.png */; };
		DBAF5DC818ACB734007E9330 /* over18@2x.png in Resources */ = {isa = PBXBuildFile; fileRef = DBAF5D1418ACB734007E9330 /* over18@2x.png */; };
		DBAF5DC918ACB734007E9330 /* overafter.png in Resources */ = {isa = PBXBuildFile; fileRef = DBAF5D1518ACB734007E9330 /* overafter.png */; };
		DBAF5DCA18ACB734007E9330 /* overafter@2x.png in Resources */ = {isa = PBXBuildFile; fileRef = DBAF5D1618ACB734007E9330 /* overafter@2x.png */; };
		DBAF5DCB18ACB734007E9330 /* overanswercheck.png in Resources */ = {isa = PBXBuildFile; fileRef = DBAF5D1718ACB734007E9330 /* overanswercheck.png */; };
		DBAF5DCC18ACB734007E9330 /* overanswercheck@2x.png in Resources */ = {isa = PBXBuildFile; fileRef = DBAF5D1818ACB734007E9330 /* overanswercheck@2x.png */; };
		DBAF5DCD18ACB734007E9330 /* overbefore.png in Resources */ = {isa = PBXBuildFile; fileRef = DBAF5D1918ACB734007E9330 /* overbefore.png */; };
		DBAF5DCE18ACB734007E9330 /* overbefore@2x.png in Resources */ = {isa = PBXBuildFile; fileRef = DBAF5D1A18ACB734007E9330 /* overbefore@2x.png */; };
		DBAF5DCF18ACB734007E9330 /* overtestafter.png in Resources */ = {isa = PBXBuildFile; fileRef = DBAF5D1B18ACB734007E9330 /* overtestafter.png */; };
		DBAF5DD018ACB734007E9330 /* overtestafter@2x.png in Resources */ = {isa = PBXBuildFile; fileRef = DBAF5D1C18ACB734007E9330 /* overtestafter@2x.png */; };
		DBAF5DD118ACB734007E9330 /* readbg.png in Resources */ = {isa = PBXBuildFile; fileRef = DBAF5D1D18ACB734007E9330 /* readbg.png */; };
		DBAF5DD218ACB734007E9330 /* readbg1.png in Resources */ = {isa = PBXBuildFile; fileRef = DBAF5D1E18ACB734007E9330 /* readbg1.png */; };
		DBAF5DD318ACB734007E9330 /* readbg1@2x.png in Resources */ = {isa = PBXBuildFile; fileRef = DBAF5D1F18ACB734007E9330 /* readbg1@2x.png */; };
		DBAF5DD418ACB734007E9330 /* readbg@2x.png in Resources */ = {isa = PBXBuildFile; fileRef = DBAF5D2018ACB734007E9330 /* readbg@2x.png */; };
		DBAF5DD518ACB734007E9330 /* readbtn.png in Resources */ = {isa = PBXBuildFile; fileRef = DBAF5D2118ACB734007E9330 /* readbtn.png */; };
		DBAF5DD618ACB734007E9330 /* readbtn@2x.png in Resources */ = {isa = PBXBuildFile; fileRef = DBAF5D2218ACB734007E9330 /* readbtn@2x.png */; };
		DBAF5DD718ACB734007E9330 /* readX.png in Resources */ = {isa = PBXBuildFile; fileRef = DBAF5D2318ACB734007E9330 /* readX.png */; };
		DBAF5DD818ACB734007E9330 /* readX@2x.png in Resources */ = {isa = PBXBuildFile; fileRef = DBAF5D2418ACB734007E9330 /* readX@2x.png */; };
		DBAF5DD918ACB734007E9330 /* result.png in Resources */ = {isa = PBXBuildFile; fileRef = DBAF5D2518ACB734007E9330 /* result.png */; };
		DBAF5DDA18ACB734007E9330 /* result@2x.png in Resources */ = {isa = PBXBuildFile; fileRef = DBAF5D2618ACB734007E9330 /* result@2x.png */; };
		DBAF5DDB18ACB734007E9330 /* resultbox1.png in Resources */ = {isa = PBXBuildFile; fileRef = DBAF5D2718ACB734007E9330 /* resultbox1.png */; };
		DBAF5DDC18ACB734007E9330 /* resultbox1@2x.png in Resources */ = {isa = PBXBuildFile; fileRef = DBAF5D2818ACB734007E9330 /* resultbox1@2x.png */; };
		DBAF5DDD18ACB734007E9330 /* resultbox2.png in Resources */ = {isa = PBXBuildFile; fileRef = DBAF5D2918ACB734007E9330 /* resultbox2.png */; };
		DBAF5DDE18ACB734007E9330 /* resultbox2@2x.png in Resources */ = {isa = PBXBuildFile; fileRef = DBAF5D2A18ACB734007E9330 /* resultbox2@2x.png */; };
		DBAF5DDF18ACB734007E9330 /* return.png in Resources */ = {isa = PBXBuildFile; fileRef = DBAF5D2B18ACB734007E9330 /* return.png */; };
		DBAF5DE018ACB734007E9330 /* return@2x.png in Resources */ = {isa = PBXBuildFile; fileRef = DBAF5D2C18ACB734007E9330 /* return@2x.png */; };
		DBAF5DE118ACB734007E9330 /* rseultbox2.png in Resources */ = {isa = PBXBuildFile; fileRef = DBAF5D2D18ACB734007E9330 /* rseultbox2.png */; };
		DBAF5DE218ACB734007E9330 /* scoreO.png in Resources */ = {isa = PBXBuildFile; fileRef = DBAF5D2E18ACB734007E9330 /* scoreO.png */; };
		DBAF5DE318ACB734007E9330 /* scrollBarTest.png in Resources */ = {isa = PBXBuildFile; fileRef = DBAF5D2F18ACB734007E9330 /* scrollBarTest.png */; };
		DBAF5DE418ACB734007E9330 /* select01.png in Resources */ = {isa = PBXBuildFile; fileRef = DBAF5D3018ACB734007E9330 /* select01.png */; };
		DBAF5DE518ACB734007E9330 /* select01@2x.png in Resources */ = {isa = PBXBuildFile; fileRef = DBAF5D3118ACB734007E9330 /* select01@2x.png */; };
		DBAF5DE618ACB734007E9330 /* select02.png in Resources */ = {isa = PBXBuildFile; fileRef = DBAF5D3218ACB734007E9330 /* select02.png */; };
		DBAF5DE718ACB734007E9330 /* select02@2x.png in Resources */ = {isa = PBXBuildFile; fileRef = DBAF5D3318ACB734007E9330 /* select02@2x.png */; };
		DBAF5DE818ACB734007E9330 /* select03.png in Resources */ = {isa = PBXBuildFile; fileRef = DBAF5D3418ACB734007E9330 /* select03.png */; };
		DBAF5DE918ACB734007E9330 /* select03@2x.png in Resources */ = {isa = PBXBuildFile; fileRef = DBAF5D3518ACB734007E9330 /* select03@2x.png */; };
		DBAF5DEA18ACB734007E9330 /* select04.png in Resources */ = {isa = PBXBuildFile; fileRef = DBAF5D3618ACB734007E9330 /* select04.png */; };
		DBAF5DEB18ACB734007E9330 /* select04@2x.png in Resources */ = {isa = PBXBuildFile; fileRef = DBAF5D3718ACB734007E9330 /* select04@2x.png */; };
		DBAF5DEC18ACB734007E9330 /* select05.png in Resources */ = {isa = PBXBuildFile; fileRef = DBAF5D3818ACB734007E9330 /* select05.png */; };
		DBAF5DED18ACB734007E9330 /* select05@2x.png in Resources */ = {isa = PBXBuildFile; fileRef = DBAF5D3918ACB734007E9330 /* select05@2x.png */; };
		DBAF5DEE18ACB734007E9330 /* select06.png in Resources */ = {isa = PBXBuildFile; fileRef = DBAF5D3A18ACB734007E9330 /* select06.png */; };
		DBAF5DEF18ACB734007E9330 /* select06@2x.png in Resources */ = {isa = PBXBuildFile; fileRef = DBAF5D3B18ACB734007E9330 /* select06@2x.png */; };
		DBAF5DF018ACB734007E9330 /* select07.png in Resources */ = {isa = PBXBuildFile; fileRef = DBAF5D3C18ACB734007E9330 /* select07.png */; };
		DBAF5DF118ACB734007E9330 /* select07@2x.png in Resources */ = {isa = PBXBuildFile; fileRef = DBAF5D3D18ACB734007E9330 /* select07@2x.png */; };
		DBAF5DF218ACB734007E9330 /* select08.png in Resources */ = {isa = PBXBuildFile; fileRef = DBAF5D3E18ACB734007E9330 /* select08.png */; };
		DBAF5DF318ACB734007E9330 /* select08@2x.png in Resources */ = {isa = PBXBuildFile; fileRef = DBAF5D3F18ACB734007E9330 /* select08@2x.png */; };
		DBAF5DF418ACB734007E9330 /* select09.png in Resources */ = {isa = PBXBuildFile; fileRef = DBAF5D4018ACB734007E9330 /* select09.png */; };
		DBAF5DF518ACB734007E9330 /* select09@2x.png in Resources */ = {isa = PBXBuildFile; fileRef = DBAF5D4118ACB734007E9330 /* select09@2x.png */; };
		DBAF5DF618ACB734007E9330 /* select10.png in Resources */ = {isa = PBXBuildFile; fileRef = DBAF5D4218ACB734007E9330 /* select10.png */; };
		DBAF5DF718ACB734007E9330 /* select10@2x.png in Resources */ = {isa = PBXBuildFile; fileRef = DBAF5D4318ACB734007E9330 /* select10@2x.png */; };
		DBAF5DF818ACB734007E9330 /* select11.png in Resources */ = {isa = PBXBuildFile; fileRef = DBAF5D4418ACB734007E9330 /* select11.png */; };
		DBAF5DF918ACB734007E9330 /* select11@2x.png in Resources */ = {isa = PBXBuildFile; fileRef = DBAF5D4518ACB734007E9330 /* select11@2x.png */; };
		DBAF5DFA18ACB734007E9330 /* select12.png in Resources */ = {isa = PBXBuildFile; fileRef = DBAF5D4618ACB734007E9330 /* select12.png */; };
		DBAF5DFB18ACB734007E9330 /* select12@2x.png in Resources */ = {isa = PBXBuildFile; fileRef = DBAF5D4718ACB734007E9330 /* select12@2x.png */; };
		DBAF5DFC18ACB734007E9330 /* select13.png in Resources */ = {isa = PBXBuildFile; fileRef = DBAF5D4818ACB734007E9330 /* select13.png */; };
		DBAF5DFD18ACB734007E9330 /* select13@2x.png in Resources */ = {isa = PBXBuildFile; fileRef = DBAF5D4918ACB734007E9330 /* select13@2x.png */; };
		DBAF5DFE18ACB734007E9330 /* select14.png in Resources */ = {isa = PBXBuildFile; fileRef = DBAF5D4A18ACB734007E9330 /* select14.png */; };
		DBAF5DFF18ACB734007E9330 /* select14@2x.png in Resources */ = {isa = PBXBuildFile; fileRef = DBAF5D4B18ACB734007E9330 /* select14@2x.png */; };
		DBAF5E0018ACB734007E9330 /* select15.png in Resources */ = {isa = PBXBuildFile; fileRef = DBAF5D4C18ACB734007E9330 /* select15.png */; };
		DBAF5E0118ACB734007E9330 /* select15@2x.png in Resources */ = {isa = PBXBuildFile; fileRef = DBAF5D4D18ACB734007E9330 /* select15@2x.png */; };
		DBAF5E0218ACB734007E9330 /* subbg.png in Resources */ = {isa = PBXBuildFile; fileRef = DBAF5D4E18ACB734007E9330 /* subbg.png */; };
		DBAF5E0318ACB734007E9330 /* subbg@2x.png in Resources */ = {isa = PBXBuildFile; fileRef = DBAF5D4F18ACB734007E9330 /* subbg@2x.png */; };
		DBAF5E0418ACB734007E9330 /* subTotalbg.png in Resources */ = {isa = PBXBuildFile; fileRef = DBAF5D5018ACB734007E9330 /* subTotalbg.png */; };
		DBAF5E0518ACB734007E9330 /* subTotalbg2.png in Resources */ = {isa = PBXBuildFile; fileRef = DBAF5D5118ACB734007E9330 /* subTotalbg2.png */; };
		DBAF5E0618ACB734007E9330 /* subTotalbg2@2x.png in Resources */ = {isa = PBXBuildFile; fileRef = DBAF5D5218ACB734007E9330 /* subTotalbg2@2x.png */; };
		DBAF5E0718ACB734007E9330 /* subTotalbg@2x.png in Resources */ = {isa = PBXBuildFile; fileRef = DBAF5D5318ACB734007E9330 /* subTotalbg@2x.png */; };
		DBAF5E0818ACB734007E9330 /* testafter.png in Resources */ = {isa = PBXBuildFile; fileRef = DBAF5D5418ACB734007E9330 /* testafter.png */; };
		DBAF5E0918ACB734007E9330 /* testafter@2x.png in Resources */ = {isa = PBXBuildFile; fileRef = DBAF5D5518ACB734007E9330 /* testafter@2x.png */; };
		DBAF5E0A18ACB734007E9330 /* testlisttitle.png in Resources */ = {isa = PBXBuildFile; fileRef = DBAF5D5618ACB734007E9330 /* testlisttitle.png */; };
		DBAF5E0B18ACB734007E9330 /* testlistview.png in Resources */ = {isa = PBXBuildFile; fileRef = DBAF5D5718ACB734007E9330 /* testlistview.png */; };
		DBAF5E0C18ACB734007E9330 /* testlistview@2x.png in Resources */ = {isa = PBXBuildFile; fileRef = DBAF5D5818ACB734007E9330 /* testlistview@2x.png */; };
		DBAF5E0D18ACB734007E9330 /* testtitle.png in Resources */ = {isa = PBXBuildFile; fileRef = DBAF5D5918ACB734007E9330 /* testtitle.png */; };
		DBAF5E0E18ACB734007E9330 /* Xbtn.png in Resources */ = {isa = PBXBuildFile; fileRef = DBAF5D5A18ACB734007E9330 /* Xbtn.png */; };
		DBAF5E0F18ACB734007E9330 /* Xbtn@2x.png in Resources */ = {isa = PBXBuildFile; fileRef = DBAF5D5B18ACB734007E9330 /* Xbtn@2x.png */; };
		DBAF5E1018ACB734007E9330 /* Xbtnimg.png in Resources */ = {isa = PBXBuildFile; fileRef = DBAF5D5C18ACB734007E9330 /* Xbtnimg.png */; };
		DBAF5E1118ACB734007E9330 /* Xbtnimg@2x.png in Resources */ = {isa = PBXBuildFile; fileRef = DBAF5D5D18ACB734007E9330 /* Xbtnimg@2x.png */; };
		DBAF5E1318ACD105007E9330 /* libsqlite3.dylib in Frameworks */ = {isa = PBXBuildFile; fileRef = DBAF5E1218ACD105007E9330 /* libsqlite3.dylib */; };
		DBAF5E1618ACDE1E007E9330 /* TestSet.m in Sources */ = {isa = PBXBuildFile; fileRef = DBAF5E1518ACDE1E007E9330 /* TestSet.m */; };
		DBAF5E1918ACEBA0007E9330 /* toeicrc.sqlite in Resources */ = {isa = PBXBuildFile; fileRef = DBAF5E1818ACEBA0007E9330 /* toeicrc.sqlite */; };
/* End PBXBuildFile section */

/* Begin PBXContainerItemProxy section */
		DBAF5C8E18ACB574007E9330 /* PBXContainerItemProxy */ = {
			isa = PBXContainerItemProxy;
			containerPortal = DBAF5C6018ACB573007E9330 /* Project object */;
			proxyType = 1;
			remoteGlobalIDString = DBAF5C6718ACB573007E9330;
			remoteInfo = ToToToeicRC;
		};
/* End PBXContainerItemProxy section */

/* Begin PBXFileReference section */
		DBAF5C6818ACB573007E9330 /* ToToToeicRC.app */ = {isa = PBXFileReference; explicitFileType = wrapper.application; includeInIndex = 0; path = ToToToeicRC.app; sourceTree = BUILT_PRODUCTS_DIR; };
		DBAF5C6B18ACB573007E9330 /* Foundation.framework */ = {isa = PBXFileReference; lastKnownFileType = wrapper.framework; name = Foundation.framework; path = System/Library/Frameworks/Foundation.framework; sourceTree = SDKROOT; };
		DBAF5C6D18ACB574007E9330 /* CoreGraphics.framework */ = {isa = PBXFileReference; lastKnownFileType = wrapper.framework; name = CoreGraphics.framework; path = System/Library/Frameworks/CoreGraphics.framework; sourceTree = SDKROOT; };
		DBAF5C6F18ACB574007E9330 /* UIKit.framework */ = {isa = PBXFileReference; lastKnownFileType = wrapper.framework; name = UIKit.framework; path = System/Library/Frameworks/UIKit.framework; sourceTree = SDKROOT; };
		DBAF5C7318ACB574007E9330 /* ToToToeicRC-Info.plist */ = {isa = PBXFileReference; lastKnownFileType = text.plist.xml; path = "ToToToeicRC-Info.plist"; sourceTree = "<group>"; };
		DBAF5C7518ACB574007E9330 /* en */ = {isa = PBXFileReference; lastKnownFileType = text.plist.strings; name = en; path = en.lproj/InfoPlist.strings; sourceTree = "<group>"; };
		DBAF5C7718ACB574007E9330 /* main.m */ = {isa = PBXFileReference; lastKnownFileType = sourcecode.c.objc; path = main.m; sourceTree = "<group>"; };
		DBAF5C7918ACB574007E9330 /* ToToToeicRC-Prefix.pch */ = {isa = PBXFileReference; lastKnownFileType = sourcecode.c.h; path = "ToToToeicRC-Prefix.pch"; sourceTree = "<group>"; };
		DBAF5C7A18ACB574007E9330 /* AppDelegate.h */ = {isa = PBXFileReference; lastKnownFileType = sourcecode.c.h; path = AppDelegate.h; sourceTree = "<group>"; };
		DBAF5C7B18ACB574007E9330 /* AppDelegate.m */ = {isa = PBXFileReference; lastKnownFileType = sourcecode.c.objc; path = AppDelegate.m; sourceTree = "<group>"; };
		DBAF5C7E18ACB574007E9330 /* Base */ = {isa = PBXFileReference; lastKnownFileType = file.storyboard; name = Base; path = Base.lproj/Main.storyboard; sourceTree = "<group>"; };
		DBAF5C8018ACB574007E9330 /* ViewController.h */ = {isa = PBXFileReference; lastKnownFileType = sourcecode.c.h; path = ViewController.h; sourceTree = "<group>"; };
		DBAF5C8118ACB574007E9330 /* ViewController.m */ = {isa = PBXFileReference; lastKnownFileType = sourcecode.c.objc; path = ViewController.m; sourceTree = "<group>"; };
		DBAF5C8318ACB574007E9330 /* Images.xcassets */ = {isa = PBXFileReference; lastKnownFileType = folder.assetcatalog; path = Images.xcassets; sourceTree = "<group>"; };
		DBAF5C8918ACB574007E9330 /* ToToToeicRCTests.xctest */ = {isa = PBXFileReference; explicitFileType = wrapper.cfbundle; includeInIndex = 0; path = ToToToeicRCTests.xctest; sourceTree = BUILT_PRODUCTS_DIR; };
		DBAF5C8A18ACB574007E9330 /* XCTest.framework */ = {isa = PBXFileReference; lastKnownFileType = wrapper.framework; name = XCTest.framework; path = Library/Frameworks/XCTest.framework; sourceTree = DEVELOPER_DIR; };
		DBAF5C9218ACB574007E9330 /* ToToToeicRCTests-Info.plist */ = {isa = PBXFileReference; lastKnownFileType = text.plist.xml; path = "ToToToeicRCTests-Info.plist"; sourceTree = "<group>"; };
		DBAF5C9418ACB574007E9330 /* en */ = {isa = PBXFileReference; lastKnownFileType = text.plist.strings; name = en; path = en.lproj/InfoPlist.strings; sourceTree = "<group>"; };
		DBAF5C9618ACB574007E9330 /* ToToToeicRCTests.m */ = {isa = PBXFileReference; lastKnownFileType = sourcecode.c.objc; path = ToToToeicRCTests.m; sourceTree = "<group>"; };
		DBAF5CA018ACB5C5007E9330 /* SubViewController1.h */ = {isa = PBXFileReference; fileEncoding = 4; lastKnownFileType = sourcecode.c.h; path = SubViewController1.h; sourceTree = "<group>"; };
		DBAF5CA118ACB5C5007E9330 /* SubViewController1.m */ = {isa = PBXFileReference; fileEncoding = 4; lastKnownFileType = sourcecode.c.objc; path = SubViewController1.m; sourceTree = "<group>"; };
		DBAF5CA318ACB5DD007E9330 /* SubViewController2.h */ = {isa = PBXFileReference; fileEncoding = 4; lastKnownFileType = sourcecode.c.h; path = SubViewController2.h; sourceTree = "<group>"; };
		DBAF5CA418ACB5DD007E9330 /* SubViewController2.m */ = {isa = PBXFileReference; fileEncoding = 4; lastKnownFileType = sourcecode.c.objc; path = SubViewController2.m; sourceTree = "<group>"; };
		DBAF5CA618ACB5EE007E9330 /* SubViewController3.h */ = {isa = PBXFileReference; fileEncoding = 4; lastKnownFileType = sourcecode.c.h; path = SubViewController3.h; sourceTree = "<group>"; };
		DBAF5CA718ACB5EE007E9330 /* SubViewController3.m */ = {isa = PBXFileReference; fileEncoding = 4; lastKnownFileType = sourcecode.c.objc; path = SubViewController3.m; sourceTree = "<group>"; };
		DBAF5CAA18ACB733007E9330 /* 02.png */ = {isa = PBXFileReference; lastKnownFileType = image.png; path = 02.png; sourceTree = "<group>"; };
		DBAF5CAB18ACB733007E9330 /* 02@2x.png */ = {isa = PBXFileReference; lastKnownFileType = image.png; path = "02@2x.png"; sourceTree = "<group>"; };
		DBAF5CAC18ACB733007E9330 /* 03.png */ = {isa = PBXFileReference; lastKnownFileType = image.png; path = 03.png; sourceTree = "<group>"; };
		DBAF5CAD18ACB733007E9330 /* 03@2x.png */ = {isa = PBXFileReference; lastKnownFileType = image.png; path = "03@2x.png"; sourceTree = "<group>"; };
		DBAF5CAE18ACB733007E9330 /* 04.png */ = {isa = PBXFileReference; lastKnownFileType = image.png; path = 04.png; sourceTree = "<group>"; };
		DBAF5CAF18ACB733007E9330 /* 04@2x.png */ = {isa = PBXFileReference; lastKnownFileType = image.png; path = "04@2x.png"; sourceTree = "<group>"; };
		DBAF5CB018ACB733007E9330 /* 05.png */ = {isa = PBXFileReference; lastKnownFileType = image.png; path = 05.png; sourceTree = "<group>"; };
		DBAF5CB118ACB733007E9330 /* 05@2x.png */ = {isa = PBXFileReference; lastKnownFileType = image.png; path = "05@2x.png"; sourceTree = "<group>"; };
		DBAF5CB218ACB733007E9330 /* 06.png */ = {isa = PBXFileReference; lastKnownFileType = image.png; path = 06.png; sourceTree = "<group>"; };
		DBAF5CB318ACB733007E9330 /* 06@2x.png */ = {isa = PBXFileReference; lastKnownFileType = image.png; path = "06@2x.png"; sourceTree = "<group>"; };
		DBAF5CB418ACB733007E9330 /* 07.png */ = {isa = PBXFileReference; lastKnownFileType = image.png; path = 07.png; sourceTree = "<group>"; };
		DBAF5CB518ACB733007E9330 /* 07@2x.png */ = {isa = PBXFileReference; lastKnownFileType = image.png; path = "07@2x.png"; sourceTree = "<group>"; };
		DBAF5CB618ACB733007E9330 /* 08.png */ = {isa = PBXFileReference; lastKnownFileType = image.png; path = 08.png; sourceTree = "<group>"; };
		DBAF5CB718ACB733007E9330 /* 08@2x.png */ = {isa = PBXFileReference; lastKnownFileType = image.png; path = "08@2x.png"; sourceTree = "<group>"; };
		DBAF5CB818ACB733007E9330 /* 09.png */ = {isa = PBXFileReference; lastKnownFileType = image.png; path = 09.png; sourceTree = "<group>"; };
		DBAF5CB918ACB733007E9330 /* 09@2x.png */ = {isa = PBXFileReference; lastKnownFileType = image.png; path = "09@2x.png"; sourceTree = "<group>"; };
		DBAF5CBA18ACB733007E9330 /* 10.png */ = {isa = PBXFileReference; lastKnownFileType = image.png; path = 10.png; sourceTree = "<group>"; };
		DBAF5CBB18ACB733007E9330 /* 10@2x.png */ = {isa = PBXFileReference; lastKnownFileType = image.png; path = "10@2x.png"; sourceTree = "<group>"; };
		DBAF5CBC18ACB733007E9330 /* 11.png */ = {isa = PBXFileReference; lastKnownFileType = image.png; path = 11.png; sourceTree = "<group>"; };
		DBAF5CBD18ACB733007E9330 /* 11@2x.png */ = {isa = PBXFileReference; lastKnownFileType = image.png; path = "11@2x.png"; sourceTree = "<group>"; };
		DBAF5CBE18ACB733007E9330 /* 12.png */ = {isa = PBXFileReference; lastKnownFileType = image.png; path = 12.png; sourceTree = "<group>"; };
		DBAF5CBF18ACB733007E9330 /* 12@2x.png */ = {isa = PBXFileReference; lastKnownFileType = image.png; path = "12@2x.png"; sourceTree = "<group>"; };
		DBAF5CC018ACB733007E9330 /* 13.png */ = {isa = PBXFileReference; lastKnownFileType = image.png; path = 13.png; sourceTree = "<group>"; };
		DBAF5CC118ACB733007E9330 /* 13@2x.png */ = {isa = PBXFileReference; lastKnownFileType = image.png; path = "13@2x.png"; sourceTree = "<group>"; };
		DBAF5CC218ACB733007E9330 /* 14.png */ = {isa = PBXFileReference; lastKnownFileType = image.png; path = 14.png; sourceTree = "<group>"; };
		DBAF5CC318ACB733007E9330 /* 14@2x.png */ = {isa = PBXFileReference; lastKnownFileType = image.png; path = "14@2x.png"; sourceTree = "<group>"; };
		DBAF5CC418ACB733007E9330 /* 15.png */ = {isa = PBXFileReference; lastKnownFileType = image.png; path = 15.png; sourceTree = "<group>"; };
		DBAF5CC518ACB733007E9330 /* 15@2x.png */ = {isa = PBXFileReference; lastKnownFileType = image.png; path = "15@2x.png"; sourceTree = "<group>"; };
		DBAF5CC618ACB733007E9330 /* 16.png */ = {isa = PBXFileReference; lastKnownFileType = image.png; path = 16.png; sourceTree = "<group>"; };
		DBAF5CC718ACB733007E9330 /* 16@2x.png */ = {isa = PBXFileReference; lastKnownFileType = image.png; path = "16@2x.png"; sourceTree = "<group>"; };
		DBAF5CC818ACB733007E9330 /* 17.png */ = {isa = PBXFileReference; lastKnownFileType = image.png; path = 17.png; sourceTree = "<group>"; };
		DBAF5CC918ACB733007E9330 /* 17@2x.png */ = {isa = PBXFileReference; lastKnownFileType = image.png; path = "17@2x.png"; sourceTree = "<group>"; };
		DBAF5CCA18ACB733007E9330 /* 18.png */ = {isa = PBXFileReference; lastKnownFileType = image.png; path = 18.png; sourceTree = "<group>"; };
		DBAF5CCB18ACB733007E9330 /* 18@2x.png */ = {isa = PBXFileReference; lastKnownFileType = image.png; path = "18@2x.png"; sourceTree = "<group>"; };
		DBAF5CCC18ACB733007E9330 /* A.png */ = {isa = PBXFileReference; lastKnownFileType = image.png; path = A.png; sourceTree = "<group>"; };
		DBAF5CCD18ACB733007E9330 /* A@2x.png */ = {isa = PBXFileReference; lastKnownFileType = image.png; path = "A@2x.png"; sourceTree = "<group>"; };
		DBAF5CCE18ACB733007E9330 /* after.png */ = {isa = PBXFileReference; lastKnownFileType = image.png; path = after.png; sourceTree = "<group>"; };
		DBAF5CCF18ACB734007E9330 /* after@2x.png */ = {isa = PBXFileReference; lastKnownFileType = image.png; path = "after@2x.png"; sourceTree = "<group>"; };
		DBAF5CD018ACB734007E9330 /* answercheck.png */ = {isa = PBXFileReference; lastKnownFileType = image.png; path = answercheck.png; sourceTree = "<group>"; };
		DBAF5CD118ACB734007E9330 /* answercheck@2x.png */ = {isa = PBXFileReference; lastKnownFileType = image.png; path = "answercheck@2x.png"; sourceTree = "<group>"; };
		DBAF5CD218ACB734007E9330 /* B.png */ = {isa = PBXFileReference; lastKnownFileType = image.png; path = B.png; sourceTree = "<group>"; };
		DBAF5CD318ACB734007E9330 /* B@2x.png */ = {isa = PBXFileReference; lastKnownFileType = image.png; path = "B@2x.png"; sourceTree = "<group>"; };
		DBAF5CD418ACB734007E9330 /* before.png */ = {isa = PBXFileReference; lastKnownFileType = image.png; path = before.png; sourceTree = "<group>"; };
		DBAF5CD518ACB734007E9330 /* before@2x.png */ = {isa = PBXFileReference; lastKnownFileType = image.png; path = "before@2x.png"; sourceTree = "<group>"; };
		DBAF5CD618ACB734007E9330 /* book.png */ = {isa = PBXFileReference; lastKnownFileType = image.png; path = book.png; sourceTree = "<group>"; };
		DBAF5CD718ACB734007E9330 /* book@2x.png */ = {isa = PBXFileReference; lastKnownFileType = image.png; path = "book@2x.png"; sourceTree = "<group>"; };
		DBAF5CD818ACB734007E9330 /* box2.png */ = {isa = PBXFileReference; lastKnownFileType = image.png; path = box2.png; sourceTree = "<group>"; };
		DBAF5CD918ACB734007E9330 /* box2@2x.png */ = {isa = PBXFileReference; lastKnownFileType = image.png; path = "box2@2x.png"; sourceTree = "<group>"; };
		DBAF5CDA18ACB734007E9330 /* C.png */ = {isa = PBXFileReference; lastKnownFileType = image.png; path = C.png; sourceTree = "<group>"; };
		DBAF5CDB18ACB734007E9330 /* C@2x.png */ = {isa = PBXFileReference; lastKnownFileType = image.png; path = "C@2x.png"; sourceTree = "<group>"; };
		DBAF5CDC18ACB734007E9330 /* F.png */ = {isa = PBXFileReference; lastKnownFileType = image.png; path = F.png; sourceTree = "<group>"; };
		DBAF5CDD18ACB734007E9330 /* F@2x.png */ = {isa = PBXFileReference; lastKnownFileType = image.png; path = "F@2x.png"; sourceTree = "<group>"; };
		DBAF5CDE18ACB734007E9330 /* intro.png */ = {isa = PBXFileReference; lastKnownFileType = image.png; path = intro.png; sourceTree = "<group>"; };
		DBAF5CDF18ACB734007E9330 /* intro2.png */ = {isa = PBXFileReference; lastKnownFileType = image.png; path = intro2.png; sourceTree = "<group>"; };
		DBAF5CE018ACB734007E9330 /* intro2@2x.png */ = {isa = PBXFileReference; lastKnownFileType = image.png; path = "intro2@2x.png"; sourceTree = "<group>"; };
		DBAF5CE118ACB734007E9330 /* intro3.png */ = {isa = PBXFileReference; lastKnownFileType = image.png; path = intro3.png; sourceTree = "<group>"; };
		DBAF5CE218ACB734007E9330 /* intro3@2x.png */ = {isa = PBXFileReference; lastKnownFileType = image.png; path = "intro3@2x.png"; sourceTree = "<group>"; };
		DBAF5CE318ACB734007E9330 /* intro@2x.png */ = {isa = PBXFileReference; lastKnownFileType = image.png; path = "intro@2x.png"; sourceTree = "<group>"; };
		DBAF5CE418ACB734007E9330 /* mask.png */ = {isa = PBXFileReference; lastKnownFileType = image.png; path = mask.png; sourceTree = "<group>"; };
		DBAF5CE518ACB734007E9330 /* menubg.png */ = {isa = PBXFileReference; lastKnownFileType = image.png; path = menubg.png; sourceTree = "<group>"; };
		DBAF5CE618ACB734007E9330 /* menubg2.png */ = {isa = PBXFileReference; lastKnownFileType = image.png; path = menubg2.png; sourceTree = "<group>"; };
		DBAF5CE718ACB734007E9330 /* menubg2@2x.png */ = {isa = PBXFileReference; lastKnownFileType = image.png; path = "menubg2@2x.png"; sourceTree = "<group>"; };
		DBAF5CE818ACB734007E9330 /* menubg@2x.png */ = {isa = PBXFileReference; lastKnownFileType = image.png; path = "menubg@2x.png"; sourceTree = "<group>"; };
		DBAF5CE918ACB734007E9330 /* noOK.png */ = {isa = PBXFileReference; lastKnownFileType = image.png; path = noOK.png; sourceTree = "<group>"; };
		DBAF5CEA18ACB734007E9330 /* noOK@2x.png */ = {isa = PBXFileReference; lastKnownFileType = image.png; path = "noOK@2x.png"; sourceTree = "<group>"; };
		DBAF5CEB18ACB734007E9330 /* note.png */ = {isa = PBXFileReference; lastKnownFileType = image.png; path = note.png; sourceTree = "<group>"; };
		DBAF5CEC18ACB734007E9330 /* note@2x.png */ = {isa = PBXFileReference; lastKnownFileType = image.png; path = "note@2x.png"; sourceTree = "<group>"; };
		DBAF5CED18ACB734007E9330 /* Obtn.png */ = {isa = PBXFileReference; lastKnownFileType = image.png; path = Obtn.png; sourceTree = "<group>"; };
		DBAF5CEE18ACB734007E9330 /* Obtn@2x.png */ = {isa = PBXFileReference; lastKnownFileType = image.png; path = "Obtn@2x.png"; sourceTree = "<group>"; };
		DBAF5CEF18ACB734007E9330 /* Obtnimg.png */ = {isa = PBXFileReference; lastKnownFileType = image.png; path = Obtnimg.png; sourceTree = "<group>"; };
		DBAF5CF018ACB734007E9330 /* Obtnimg@2x.png */ = {isa = PBXFileReference; lastKnownFileType = image.png; path = "Obtnimg@2x.png"; sourceTree = "<group>"; };
		DBAF5CF118ACB734007E9330 /* OK.png */ = {isa = PBXFileReference; lastKnownFileType = image.png; path = OK.png; sourceTree = "<group>"; };
		DBAF5CF218ACB734007E9330 /* OK@2x.png */ = {isa = PBXFileReference; lastKnownFileType = image.png; path = "OK@2x.png"; sourceTree = "<group>"; };
		DBAF5CF318ACB734007E9330 /* over02.png */ = {isa = PBXFileReference; lastKnownFileType = image.png; path = over02.png; sourceTree = "<group>"; };
		DBAF5CF418ACB734007E9330 /* over02@2x.png */ = {isa = PBXFileReference; lastKnownFileType = image.png; path = "over02@2x.png"; sourceTree = "<group>"; };
		DBAF5CF518ACB734007E9330 /* over03.png */ = {isa = PBXFileReference; lastKnownFileType = image.png; path = over03.png; sourceTree = "<group>"; };
		DBAF5CF618ACB734007E9330 /* over03@2x.png */ = {isa = PBXFileReference; lastKnownFileType = image.png; path = "over03@2x.png"; sourceTree = "<group>"; };
		DBAF5CF718ACB734007E9330 /* over04.png */ = {isa = PBXFileReference; lastKnownFileType = image.png; path = over04.png; sourceTree = "<group>"; };
		DBAF5CF818ACB734007E9330 /* over04@2x.png */ = {isa = PBXFileReference; lastKnownFileType = image.png; path = "over04@2x.png"; sourceTree = "<group>"; };
		DBAF5CF918ACB734007E9330 /* over05.png */ = {isa = PBXFileReference; lastKnownFileType = image.png; path = over05.png; sourceTree = "<group>"; };
		DBAF5CFA18ACB734007E9330 /* over05@2x.png */ = {isa = PBXFileReference; lastKnownFileType = image.png; path = "over05@2x.png"; sourceTree = "<group>"; };
		DBAF5CFB18ACB734007E9330 /* over06.png */ = {isa = PBXFileReference; lastKnownFileType = image.png; path = over06.png; sourceTree = "<group>"; };
		DBAF5CFC18ACB734007E9330 /* over06@2x.png */ = {isa = PBXFileReference; lastKnownFileType = image.png; path = "over06@2x.png"; sourceTree = "<group>"; };
		DBAF5CFD18ACB734007E9330 /* over07.png */ = {isa = PBXFileReference; lastKnownFileType = image.png; path = over07.png; sourceTree = "<group>"; };
		DBAF5CFE18ACB734007E9330 /* over07@2x.png */ = {isa = PBXFileReference; lastKnownFileType = image.png; path = "over07@2x.png"; sourceTree = "<group>"; };
		DBAF5CFF18ACB734007E9330 /* over08.png */ = {isa = PBXFileReference; lastKnownFileType = image.png; path = over08.png; sourceTree = "<group>"; };
		DBAF5D0018ACB734007E9330 /* over08@2x.png */ = {isa = PBXFileReference; lastKnownFileType = image.png; path = "over08@2x.png"; sourceTree = "<group>"; };
		DBAF5D0118ACB734007E9330 /* over09.png */ = {isa = PBXFileReference; lastKnownFileType = image.png; path = over09.png; sourceTree = "<group>"; };
		DBAF5D0218ACB734007E9330 /* over09@2x.png */ = {isa = PBXFileReference; lastKnownFileType = image.png; path = "over09@2x.png"; sourceTree = "<group>"; };
		DBAF5D0318ACB734007E9330 /* over10.png */ = {isa = PBXFileReference; lastKnownFileType = image.png; path = over10.png; sourceTree = "<group>"; };
		DBAF5D0418ACB734007E9330 /* over10@2x.png */ = {isa = PBXFileReference; lastKnownFileType = image.png; path = "over10@2x.png"; sourceTree = "<group>"; };
		DBAF5D0518ACB734007E9330 /* over11.png */ = {isa = PBXFileReference; lastKnownFileType = image.png; path = over11.png; sourceTree = "<group>"; };
		DBAF5D0618ACB734007E9330 /* over11@2x.png */ = {isa = PBXFileReference; lastKnownFileType = image.png; path = "over11@2x.png"; sourceTree = "<group>"; };
		DBAF5D0718ACB734007E9330 /* over12.png */ = {isa = PBXFileReference; lastKnownFileType = image.png; path = over12.png; sourceTree = "<group>"; };
		DBAF5D0818ACB734007E9330 /* over12@2x.png */ = {isa = PBXFileReference; lastKnownFileType = image.png; path = "over12@2x.png"; sourceTree = "<group>"; };
		DBAF5D0918ACB734007E9330 /* over13.png */ = {isa = PBXFileReference; lastKnownFileType = image.png; path = over13.png; sourceTree = "<group>"; };
		DBAF5D0A18ACB734007E9330 /* over13@2x.png */ = {isa = PBXFileReference; lastKnownFileType = image.png; path = "over13@2x.png"; sourceTree = "<group>"; };
		DBAF5D0B18ACB734007E9330 /* over14.png */ = {isa = PBXFileReference; lastKnownFileType = image.png; path = over14.png; sourceTree = "<group>"; };
		DBAF5D0C18ACB734007E9330 /* over14@2x.png */ = {isa = PBXFileReference; lastKnownFileType = image.png; path = "over14@2x.png"; sourceTree = "<group>"; };
		DBAF5D0D18ACB734007E9330 /* over15.png */ = {isa = PBXFileReference; lastKnownFileType = image.png; path = over15.png; sourceTree = "<group>"; };
		DBAF5D0E18ACB734007E9330 /* over15@2x.png */ = {isa = PBXFileReference; lastKnownFileType = image.png; path = "over15@2x.png"; sourceTree = "<group>"; };
		DBAF5D0F18ACB734007E9330 /* over16.png */ = {isa = PBXFileReference; lastKnownFileType = image.png; path = over16.png; sourceTree = "<group>"; };
		DBAF5D1018ACB734007E9330 /* over16@2x.png */ = {isa = PBXFileReference; lastKnownFileType = image.png; path = "over16@2x.png"; sourceTree = "<group>"; };
		DBAF5D1118ACB734007E9330 /* over17.png */ = {isa = PBXFileReference; lastKnownFileType = image.png; path = over17.png; sourceTree = "<group>"; };
		DBAF5D1218ACB734007E9330 /* over17@2x.png */ = {isa = PBXFileReference; lastKnownFileType = image.png; path = "over17@2x.png"; sourceTree = "<group>"; };
		DBAF5D1318ACB734007E9330 /* over18.png */ = {isa = PBXFileReference; lastKnownFileType = image.png; path = over18.png; sourceTree = "<group>"; };
		DBAF5D1418ACB734007E9330 /* over18@2x.png */ = {isa = PBXFileReference; lastKnownFileType = image.png; path = "over18@2x.png"; sourceTree = "<group>"; };
		DBAF5D1518ACB734007E9330 /* overafter.png */ = {isa = PBXFileReference; lastKnownFileType = image.png; path = overafter.png; sourceTree = "<group>"; };
		DBAF5D1618ACB734007E9330 /* overafter@2x.png */ = {isa = PBXFileReference; lastKnownFileType = image.png; path = "overafter@2x.png"; sourceTree = "<group>"; };
		DBAF5D1718ACB734007E9330 /* overanswercheck.png */ = {isa = PBXFileReference; lastKnownFileType = image.png; path = overanswercheck.png; sourceTree = "<group>"; };
		DBAF5D1818ACB734007E9330 /* overanswercheck@2x.png */ = {isa = PBXFileReference; lastKnownFileType = image.png; path = "overanswercheck@2x.png"; sourceTree = "<group>"; };
		DBAF5D1918ACB734007E9330 /* overbefore.png */ = {isa = PBXFileReference; lastKnownFileType = image.png; path = overbefore.png; sourceTree = "<group>"; };
		DBAF5D1A18ACB734007E9330 /* overbefore@2x.png */ = {isa = PBXFileReference; lastKnownFileType = image.png; path = "overbefore@2x.png"; sourceTree = "<group>"; };
		DBAF5D1B18ACB734007E9330 /* overtestafter.png */ = {isa = PBXFileReference; lastKnownFileType = image.png; path = overtestafter.png; sourceTree = "<group>"; };
		DBAF5D1C18ACB734007E9330 /* overtestafter@2x.png */ = {isa = PBXFileReference; lastKnownFileType = image.png; path = "overtestafter@2x.png"; sourceTree = "<group>"; };
		DBAF5D1D18ACB734007E9330 /* readbg.png */ = {isa = PBXFileReference; lastKnownFileType = image.png; path = readbg.png; sourceTree = "<group>"; };
		DBAF5D1E18ACB734007E9330 /* readbg1.png */ = {isa = PBXFileReference; lastKnownFileType = image.png; path = readbg1.png; sourceTree = "<group>"; };
		DBAF5D1F18ACB734007E9330 /* readbg1@2x.png */ = {isa = PBXFileReference; lastKnownFileType = image.png; path = "readbg1@2x.png"; sourceTree = "<group>"; };
		DBAF5D2018ACB734007E9330 /* readbg@2x.png */ = {isa = PBXFileReference; lastKnownFileType = image.png; path = "readbg@2x.png"; sourceTree = "<group>"; };
		DBAF5D2118ACB734007E9330 /* readbtn.png */ = {isa = PBXFileReference; lastKnownFileType = image.png; path = readbtn.png; sourceTree = "<group>"; };
		DBAF5D2218ACB734007E9330 /* readbtn@2x.png */ = {isa = PBXFileReference; lastKnownFileType = image.png; path = "readbtn@2x.png"; sourceTree = "<group>"; };
		DBAF5D2318ACB734007E9330 /* readX.png */ = {isa = PBXFileReference; lastKnownFileType = image.png; path = readX.png; sourceTree = "<group>"; };
		DBAF5D2418ACB734007E9330 /* readX@2x.png */ = {isa = PBXFileReference; lastKnownFileType = image.png; path = "readX@2x.png"; sourceTree = "<group>"; };
		DBAF5D2518ACB734007E9330 /* result.png */ = {isa = PBXFileReference; lastKnownFileType = image.png; path = result.png; sourceTree = "<group>"; };
		DBAF5D2618ACB734007E9330 /* result@2x.png */ = {isa = PBXFileReference; lastKnownFileType = image.png; path = "result@2x.png"; sourceTree = "<group>"; };
		DBAF5D2718ACB734007E9330 /* resultbox1.png */ = {isa = PBXFileReference; lastKnownFileType = image.png; path = resultbox1.png; sourceTree = "<group>"; };
		DBAF5D2818ACB734007E9330 /* resultbox1@2x.png */ = {isa = PBXFileReference; lastKnownFileType = image.png; path = "resultbox1@2x.png"; sourceTree = "<group>"; };
		DBAF5D2918ACB734007E9330 /* resultbox2.png */ = {isa = PBXFileReference; lastKnownFileType = image.png; path = resultbox2.png; sourceTree = "<group>"; };
		DBAF5D2A18ACB734007E9330 /* resultbox2@2x.png */ = {isa = PBXFileReference; lastKnownFileType = image.png; path = "resultbox2@2x.png"; sourceTree = "<group>"; };
		DBAF5D2B18ACB734007E9330 /* return.png */ = {isa = PBXFileReference; lastKnownFileType = image.png; path = return.png; sourceTree = "<group>"; };
		DBAF5D2C18ACB734007E9330 /* return@2x.png */ = {isa = PBXFileReference; lastKnownFileType = image.png; path = "return@2x.png"; sourceTree = "<group>"; };
		DBAF5D2D18ACB734007E9330 /* rseultbox2.png */ = {isa = PBXFileReference; lastKnownFileType = image.png; path = rseultbox2.png; sourceTree = "<group>"; };
		DBAF5D2E18ACB734007E9330 /* scoreO.png */ = {isa = PBXFileReference; lastKnownFileType = image.png; path = scoreO.png; sourceTree = "<group>"; };
		DBAF5D2F18ACB734007E9330 /* scrollBarTest.png */ = {isa = PBXFileReference; lastKnownFileType = image.png; path = scrollBarTest.png; sourceTree = "<group>"; };
		DBAF5D3018ACB734007E9330 /* select01.png */ = {isa = PBXFileReference; lastKnownFileType = image.png; path = select01.png; sourceTree = "<group>"; };
		DBAF5D3118ACB734007E9330 /* select01@2x.png */ = {isa = PBXFileReference; lastKnownFileType = image.png; path = "select01@2x.png"; sourceTree = "<group>"; };
		DBAF5D3218ACB734007E9330 /* select02.png */ = {isa = PBXFileReference; lastKnownFileType = image.png; path = select02.png; sourceTree = "<group>"; };
		DBAF5D3318ACB734007E9330 /* select02@2x.png */ = {isa = PBXFileReference; lastKnownFileType = image.png; path = "select02@2x.png"; sourceTree = "<group>"; };
		DBAF5D3418ACB734007E9330 /* select03.png */ = {isa = PBXFileReference; lastKnownFileType = image.png; path = select03.png; sourceTree = "<group>"; };
		DBAF5D3518ACB734007E9330 /* select03@2x.png */ = {isa = PBXFileReference; lastKnownFileType = image.png; path = "select03@2x.png"; sourceTree = "<group>"; };
		DBAF5D3618ACB734007E9330 /* select04.png */ = {isa = PBXFileReference; lastKnownFileType = image.png; path = select04.png; sourceTree = "<group>"; };
		DBAF5D3718ACB734007E9330 /* select04@2x.png */ = {isa = PBXFileReference; lastKnownFileType = image.png; path = "select04@2x.png"; sourceTree = "<group>"; };
		DBAF5D3818ACB734007E9330 /* select05.png */ = {isa = PBXFileReference; lastKnownFileType = image.png; path = select05.png; sourceTree = "<group>"; };
		DBAF5D3918ACB734007E9330 /* select05@2x.png */ = {isa = PBXFileReference; lastKnownFileType = image.png; path = "select05@2x.png"; sourceTree = "<group>"; };
		DBAF5D3A18ACB734007E9330 /* select06.png */ = {isa = PBXFileReference; lastKnownFileType = image.png; path = select06.png; sourceTree = "<group>"; };
		DBAF5D3B18ACB734007E9330 /* select06@2x.png */ = {isa = PBXFileReference; lastKnownFileType = image.png; path = "select06@2x.png"; sourceTree = "<group>"; };
		DBAF5D3C18ACB734007E9330 /* select07.png */ = {isa = PBXFileReference; lastKnownFileType = image.png; path = select07.png; sourceTree = "<group>"; };
		DBAF5D3D18ACB734007E9330 /* select07@2x.png */ = {isa = PBXFileReference; lastKnownFileType = image.png; path = "select07@2x.png"; sourceTree = "<group>"; };
		DBAF5D3E18ACB734007E9330 /* select08.png */ = {isa = PBXFileReference; lastKnownFileType = image.png; path = select08.png; sourceTree = "<group>"; };
		DBAF5D3F18ACB734007E9330 /* select08@2x.png */ = {isa = PBXFileReference; lastKnownFileType = image.png; path = "select08@2x.png"; sourceTree = "<group>"; };
		DBAF5D4018ACB734007E9330 /* select09.png */ = {isa = PBXFileReference; lastKnownFileType = image.png; path = select09.png; sourceTree = "<group>"; };
		DBAF5D4118ACB734007E9330 /* select09@2x.png */ = {isa = PBXFileReference; lastKnownFileType = image.png; path = "select09@2x.png"; sourceTree = "<group>"; };
		DBAF5D4218ACB734007E9330 /* select10.png */ = {isa = PBXFileReference; lastKnownFileType = image.png; path = select10.png; sourceTree = "<group>"; };
		DBAF5D4318ACB734007E9330 /* select10@2x.png */ = {isa = PBXFileReference; lastKnownFileType = image.png; path = "select10@2x.png"; sourceTree = "<group>"; };
		DBAF5D4418ACB734007E9330 /* select11.png */ = {isa = PBXFileReference; lastKnownFileType = image.png; path = select11.png; sourceTree = "<group>"; };
		DBAF5D4518ACB734007E9330 /* select11@2x.png */ = {isa = PBXFileReference; lastKnownFileType = image.png; path = "select11@2x.png"; sourceTree = "<group>"; };
		DBAF5D4618ACB734007E9330 /* select12.png */ = {isa = PBXFileReference; lastKnownFileType = image.png; path = select12.png; sourceTree = "<group>"; };
		DBAF5D4718ACB734007E9330 /* select12@2x.png */ = {isa = PBXFileReference; lastKnownFileType = image.png; path = "select12@2x.png"; sourceTree = "<group>"; };
		DBAF5D4818ACB734007E9330 /* select13.png */ = {isa = PBXFileReference; lastKnownFileType = image.png; path = select13.png; sourceTree = "<group>"; };
		DBAF5D4918ACB734007E9330 /* select13@2x.png */ = {isa = PBXFileReference; lastKnownFileType = image.png; path = "select13@2x.png"; sourceTree = "<group>"; };
		DBAF5D4A18ACB734007E9330 /* select14.png */ = {isa = PBXFileReference; lastKnownFileType = image.png; path = select14.png; sourceTree = "<group>"; };
		DBAF5D4B18ACB734007E9330 /* select14@2x.png */ = {isa = PBXFileReference; lastKnownFileType = image.png; path = "select14@2x.png"; sourceTree = "<group>"; };
		DBAF5D4C18ACB734007E9330 /* select15.png */ = {isa = PBXFileReference; lastKnownFileType = image.png; path = select15.png; sourceTree = "<group>"; };
		DBAF5D4D18ACB734007E9330 /* select15@2x.png */ = {isa = PBXFileReference; lastKnownFileType = image.png; path = "select15@2x.png"; sourceTree = "<group>"; };
		DBAF5D4E18ACB734007E9330 /* subbg.png */ = {isa = PBXFileReference; lastKnownFileType = image.png; path = subbg.png; sourceTree = "<group>"; };
		DBAF5D4F18ACB734007E9330 /* subbg@2x.png */ = {isa = PBXFileReference; lastKnownFileType = image.png; path = "subbg@2x.png"; sourceTree = "<group>"; };
		DBAF5D5018ACB734007E9330 /* subTotalbg.png */ = {isa = PBXFileReference; lastKnownFileType = image.png; path = subTotalbg.png; sourceTree = "<group>"; };
		DBAF5D5118ACB734007E9330 /* subTotalbg2.png */ = {isa = PBXFileReference; lastKnownFileType = image.png; path = subTotalbg2.png; sourceTree = "<group>"; };
		DBAF5D5218ACB734007E9330 /* subTotalbg2@2x.png */ = {isa = PBXFileReference; lastKnownFileType = image.png; path = "subTotalbg2@2x.png"; sourceTree = "<group>"; };
		DBAF5D5318ACB734007E9330 /* subTotalbg@2x.png */ = {isa = PBXFileReference; lastKnownFileType = image.png; path = "subTotalbg@2x.png"; sourceTree = "<group>"; };
		DBAF5D5418ACB734007E9330 /* testafter.png */ = {isa = PBXFileReference; lastKnownFileType = image.png; path = testafter.png; sourceTree = "<group>"; };
		DBAF5D5518ACB734007E9330 /* testafter@2x.png */ = {isa = PBXFileReference; lastKnownFileType = image.png; path = "testafter@2x.png"; sourceTree = "<group>"; };
		DBAF5D5618ACB734007E9330 /* testlisttitle.png */ = {isa = PBXFileReference; lastKnownFileType = image.png; path = testlisttitle.png; sourceTree = "<group>"; };
		DBAF5D5718ACB734007E9330 /* testlistview.png */ = {isa = PBXFileReference; lastKnownFileType = image.png; path = testlistview.png; sourceTree = "<group>"; };
		DBAF5D5818ACB734007E9330 /* testlistview@2x.png */ = {isa = PBXFileReference; lastKnownFileType = image.png; path = "testlistview@2x.png"; sourceTree = "<group>"; };
		DBAF5D5918ACB734007E9330 /* testtitle.png */ = {isa = PBXFileReference; lastKnownFileType = image.png; path = testtitle.png; sourceTree = "<group>"; };
		DBAF5D5A18ACB734007E9330 /* Xbtn.png */ = {isa = PBXFileReference; lastKnownFileType = image.png; path = Xbtn.png; sourceTree = "<group>"; };
		DBAF5D5B18ACB734007E9330 /* Xbtn@2x.png */ = {isa = PBXFileReference; lastKnownFileType = image.png; path = "Xbtn@2x.png"; sourceTree = "<group>"; };
		DBAF5D5C18ACB734007E9330 /* Xbtnimg.png */ = {isa = PBXFileReference; lastKnownFileType = image.png; path = Xbtnimg.png; sourceTree = "<group>"; };
		DBAF5D5D18ACB734007E9330 /* Xbtnimg@2x.png */ = {isa = PBXFileReference; lastKnownFileType = image.png; path = "Xbtnimg@2x.png"; sourceTree = "<group>"; };
		DBAF5E1218ACD105007E9330 /* libsqlite3.dylib */ = {isa = PBXFileReference; lastKnownFileType = "compiled.mach-o.dylib"; name = libsqlite3.dylib; path = usr/lib/libsqlite3.dylib; sourceTree = SDKROOT; };
		DBAF5E1418ACDE1E007E9330 /* TestSet.h */ = {isa = PBXFileReference; fileEncoding = 4; lastKnownFileType = sourcecode.c.h; path = TestSet.h; sourceTree = "<group>"; };
		DBAF5E1518ACDE1E007E9330 /* TestSet.m */ = {isa = PBXFileReference; fileEncoding = 4; lastKnownFileType = sourcecode.c.objc; path = TestSet.m; sourceTree = "<group>"; };
		DBAF5E1818ACEBA0007E9330 /* toeicrc.sqlite */ = {isa = PBXFileReference; lastKnownFileType = file; path = toeicrc.sqlite; sourceTree = "<group>"; };
/* End PBXFileReference section */

/* Begin PBXFrameworksBuildPhase section */
		DBAF5C6518ACB573007E9330 /* Frameworks */ = {
			isa = PBXFrameworksBuildPhase;
			buildActionMask = 2147483647;
			files = (
				DBAF5E1318ACD105007E9330 /* libsqlite3.dylib in Frameworks */,
				DBAF5C6E18ACB574007E9330 /* CoreGraphics.framework in Frameworks */,
				DBAF5C7018ACB574007E9330 /* UIKit.framework in Frameworks */,
				DBAF5C6C18ACB574007E9330 /* Foundation.framework in Frameworks */,
			);
			runOnlyForDeploymentPostprocessing = 0;
		};
		DBAF5C8618ACB574007E9330 /* Frameworks */ = {
			isa = PBXFrameworksBuildPhase;
			buildActionMask = 2147483647;
			files = (
				DBAF5C8B18ACB574007E9330 /* XCTest.framework in Frameworks */,
				DBAF5C8D18ACB574007E9330 /* UIKit.framework in Frameworks */,
				DBAF5C8C18ACB574007E9330 /* Foundation.framework in Frameworks */,
			);
			runOnlyForDeploymentPostprocessing = 0;
		};
/* End PBXFrameworksBuildPhase section */

/* Begin PBXGroup section */
		DBAF5C5F18ACB573007E9330 = {
			isa = PBXGroup;
			children = (
				DBAF5C7118ACB574007E9330 /* ToToToeicRC */,
				DBAF5C9018ACB574007E9330 /* ToToToeicRCTests */,
				DBAF5C6A18ACB573007E9330 /* Frameworks */,
				DBAF5C6918ACB573007E9330 /* Products */,
			);
			sourceTree = "<group>";
		};
		DBAF5C6918ACB573007E9330 /* Products */ = {
			isa = PBXGroup;
			children = (
				DBAF5C6818ACB573007E9330 /* ToToToeicRC.app */,
				DBAF5C8918ACB574007E9330 /* ToToToeicRCTests.xctest */,
			);
			name = Products;
			sourceTree = "<group>";
		};
		DBAF5C6A18ACB573007E9330 /* Frameworks */ = {
			isa = PBXGroup;
			children = (
				DBAF5E1218ACD105007E9330 /* libsqlite3.dylib */,
				DBAF5C6B18ACB573007E9330 /* Foundation.framework */,
				DBAF5C6D18ACB574007E9330 /* CoreGraphics.framework */,
				DBAF5C6F18ACB574007E9330 /* UIKit.framework */,
				DBAF5C8A18ACB574007E9330 /* XCTest.framework */,
			);
			name = Frameworks;
			sourceTree = "<group>";
		};
		DBAF5C7118ACB574007E9330 /* ToToToeicRC */ = {
			isa = PBXGroup;
			children = (
				DBAF5E1818ACEBA0007E9330 /* toeicrc.sqlite */,
				DBAF5CA918ACB733007E9330 /* img */,
				DBAF5C7A18ACB574007E9330 /* AppDelegate.h */,
				DBAF5C7B18ACB574007E9330 /* AppDelegate.m */,
				DBAF5C7D18ACB574007E9330 /* Main.storyboard */,
				DBAF5CA018ACB5C5007E9330 /* SubViewController1.h */,
				DBAF5CA118ACB5C5007E9330 /* SubViewController1.m */,
				DBAF5E1418ACDE1E007E9330 /* TestSet.h */,
				DBAF5E1518ACDE1E007E9330 /* TestSet.m */,
				DBAF5CA318ACB5DD007E9330 /* SubViewController2.h */,
				DBAF5CA418ACB5DD007E9330 /* SubViewController2.m */,
				DBAF5CA618ACB5EE007E9330 /* SubViewController3.h */,
				DBAF5CA718ACB5EE007E9330 /* SubViewController3.m */,
				DBAF5C8018ACB574007E9330 /* ViewController.h */,
				DBAF5C8118ACB574007E9330 /* ViewController.m */,
				DBAF5C8318ACB574007E9330 /* Images.xcassets */,
				DBAF5C7218ACB574007E9330 /* Supporting Files */,
			);
			path = ToToToeicRC;
			sourceTree = "<group>";
		};
		DBAF5C7218ACB574007E9330 /* Supporting Files */ = {
			isa = PBXGroup;
			children = (
				DBAF5C7318ACB574007E9330 /* ToToToeicRC-Info.plist */,
				DBAF5C7418ACB574007E9330 /* InfoPlist.strings */,
				DBAF5C7718ACB574007E9330 /* main.m */,
				DBAF5C7918ACB574007E9330 /* ToToToeicRC-Prefix.pch */,
			);
			name = "Supporting Files";
			sourceTree = "<group>";
		};
		DBAF5C9018ACB574007E9330 /* ToToToeicRCTests */ = {
			isa = PBXGroup;
			children = (
				DBAF5C9618ACB574007E9330 /* ToToToeicRCTests.m */,
				DBAF5C9118ACB574007E9330 /* Supporting Files */,
			);
			path = ToToToeicRCTests;
			sourceTree = "<group>";
		};
		DBAF5C9118ACB574007E9330 /* Supporting Files */ = {
			isa = PBXGroup;
			children = (
				DBAF5C9218ACB574007E9330 /* ToToToeicRCTests-Info.plist */,
				DBAF5C9318ACB574007E9330 /* InfoPlist.strings */,
			);
			name = "Supporting Files";
			sourceTree = "<group>";
		};
		DBAF5CA918ACB733007E9330 /* img */ = {
			isa = PBXGroup;
			children = (
				DBAF5CAA18ACB733007E9330 /* 02.png */,
				DBAF5CAB18ACB733007E9330 /* 02@2x.png */,
				DBAF5CAC18ACB733007E9330 /* 03.png */,
				DBAF5CAD18ACB733007E9330 /* 03@2x.png */,
				DBAF5CAE18ACB733007E9330 /* 04.png */,
				DBAF5CAF18ACB733007E9330 /* 04@2x.png */,
				DBAF5CB018ACB733007E9330 /* 05.png */,
				DBAF5CB118ACB733007E9330 /* 05@2x.png */,
				DBAF5CB218ACB733007E9330 /* 06.png */,
				DBAF5CB318ACB733007E9330 /* 06@2x.png */,
				DBAF5CB418ACB733007E9330 /* 07.png */,
				DBAF5CB518ACB733007E9330 /* 07@2x.png */,
				DBAF5CB618ACB733007E9330 /* 08.png */,
				DBAF5CB718ACB733007E9330 /* 08@2x.png */,
				DBAF5CB818ACB733007E9330 /* 09.png */,
				DBAF5CB918ACB733007E9330 /* 09@2x.png */,
				DBAF5CBA18ACB733007E9330 /* 10.png */,
				DBAF5CBB18ACB733007E9330 /* 10@2x.png */,
				DBAF5CBC18ACB733007E9330 /* 11.png */,
				DBAF5CBD18ACB733007E9330 /* 11@2x.png */,
				DBAF5CBE18ACB733007E9330 /* 12.png */,
				DBAF5CBF18ACB733007E9330 /* 12@2x.png */,
				DBAF5CC018ACB733007E9330 /* 13.png */,
				DBAF5CC118ACB733007E9330 /* 13@2x.png */,
				DBAF5CC218ACB733007E9330 /* 14.png */,
				DBAF5CC318ACB733007E9330 /* 14@2x.png */,
				DBAF5CC418ACB733007E9330 /* 15.png */,
				DBAF5CC518ACB733007E9330 /* 15@2x.png */,
				DBAF5CC618ACB733007E9330 /* 16.png */,
				DBAF5CC718ACB733007E9330 /* 16@2x.png */,
				DBAF5CC818ACB733007E9330 /* 17.png */,
				DBAF5CC918ACB733007E9330 /* 17@2x.png */,
				DBAF5CCA18ACB733007E9330 /* 18.png */,
				DBAF5CCB18ACB733007E9330 /* 18@2x.png */,
				DBAF5CCC18ACB733007E9330 /* A.png */,
				DBAF5CCD18ACB733007E9330 /* A@2x.png */,
				DBAF5CCE18ACB733007E9330 /* after.png */,
				DBAF5CCF18ACB734007E9330 /* after@2x.png */,
				DBAF5CD018ACB734007E9330 /* answercheck.png */,
				DBAF5CD118ACB734007E9330 /* answercheck@2x.png */,
				DBAF5CD218ACB734007E9330 /* B.png */,
				DBAF5CD318ACB734007E9330 /* B@2x.png */,
				DBAF5CD418ACB734007E9330 /* before.png */,
				DBAF5CD518ACB734007E9330 /* before@2x.png */,
				DBAF5CD618ACB734007E9330 /* book.png */,
				DBAF5CD718ACB734007E9330 /* book@2x.png */,
				DBAF5CD818ACB734007E9330 /* box2.png */,
				DBAF5CD918ACB734007E9330 /* box2@2x.png */,
				DBAF5CDA18ACB734007E9330 /* C.png */,
				DBAF5CDB18ACB734007E9330 /* C@2x.png */,
				DBAF5CDC18ACB734007E9330 /* F.png */,
				DBAF5CDD18ACB734007E9330 /* F@2x.png */,
				DBAF5CDE18ACB734007E9330 /* intro.png */,
				DBAF5CDF18ACB734007E9330 /* intro2.png */,
				DBAF5CE018ACB734007E9330 /* intro2@2x.png */,
				DBAF5CE118ACB734007E9330 /* intro3.png */,
				DBAF5CE218ACB734007E9330 /* intro3@2x.png */,
				DBAF5CE318ACB734007E9330 /* intro@2x.png */,
				DBAF5CE418ACB734007E9330 /* mask.png */,
				DBAF5CE518ACB734007E9330 /* menubg.png */,
				DBAF5CE618ACB734007E9330 /* menubg2.png */,
				DBAF5CE718ACB734007E9330 /* menubg2@2x.png */,
				DBAF5CE818ACB734007E9330 /* menubg@2x.png */,
				DBAF5CE918ACB734007E9330 /* noOK.png */,
				DBAF5CEA18ACB734007E9330 /* noOK@2x.png */,
				DBAF5CEB18ACB734007E9330 /* note.png */,
				DBAF5CEC18ACB734007E9330 /* note@2x.png */,
				DBAF5CED18ACB734007E9330 /* Obtn.png */,
				DBAF5CEE18ACB734007E9330 /* Obtn@2x.png */,
				DBAF5CEF18ACB734007E9330 /* Obtnimg.png */,
				DBAF5CF018ACB734007E9330 /* Obtnimg@2x.png */,
				DBAF5CF118ACB734007E9330 /* OK.png */,
				DBAF5CF218ACB734007E9330 /* OK@2x.png */,
				DBAF5CF318ACB734007E9330 /* over02.png */,
				DBAF5CF418ACB734007E9330 /* over02@2x.png */,
				DBAF5CF518ACB734007E9330 /* over03.png */,
				DBAF5CF618ACB734007E9330 /* over03@2x.png */,
				DBAF5CF718ACB734007E9330 /* over04.png */,
				DBAF5CF818ACB734007E9330 /* over04@2x.png */,
				DBAF5CF918ACB734007E9330 /* over05.png */,
				DBAF5CFA18ACB734007E9330 /* over05@2x.png */,
				DBAF5CFB18ACB734007E9330 /* over06.png */,
				DBAF5CFC18ACB734007E9330 /* over06@2x.png */,
				DBAF5CFD18ACB734007E9330 /* over07.png */,
				DBAF5CFE18ACB734007E9330 /* over07@2x.png */,
				DBAF5CFF18ACB734007E9330 /* over08.png */,
				DBAF5D0018ACB734007E9330 /* over08@2x.png */,
				DBAF5D0118ACB734007E9330 /* over09.png */,
				DBAF5D0218ACB734007E9330 /* over09@2x.png */,
				DBAF5D0318ACB734007E9330 /* over10.png */,
				DBAF5D0418ACB734007E9330 /* over10@2x.png */,
				DBAF5D0518ACB734007E9330 /* over11.png */,
				DBAF5D0618ACB734007E9330 /* over11@2x.png */,
				DBAF5D0718ACB734007E9330 /* over12.png */,
				DBAF5D0818ACB734007E9330 /* over12@2x.png */,
				DBAF5D0918ACB734007E9330 /* over13.png */,
				DBAF5D0A18ACB734007E9330 /* over13@2x.png */,
				DBAF5D0B18ACB734007E9330 /* over14.png */,
				DBAF5D0C18ACB734007E9330 /* over14@2x.png */,
				DBAF5D0D18ACB734007E9330 /* over15.png */,
				DBAF5D0E18ACB734007E9330 /* over15@2x.png */,
				DBAF5D0F18ACB734007E9330 /* over16.png */,
				DBAF5D1018ACB734007E9330 /* over16@2x.png */,
				DBAF5D1118ACB734007E9330 /* over17.png */,
				DBAF5D1218ACB734007E9330 /* over17@2x.png */,
				DBAF5D1318ACB734007E9330 /* over18.png */,
				DBAF5D1418ACB734007E9330 /* over18@2x.png */,
				DBAF5D1518ACB734007E9330 /* overafter.png */,
				DBAF5D1618ACB734007E9330 /* overafter@2x.png */,
				DBAF5D1718ACB734007E9330 /* overanswercheck.png */,
				DBAF5D1818ACB734007E9330 /* overanswercheck@2x.png */,
				DBAF5D1918ACB734007E9330 /* overbefore.png */,
				DBAF5D1A18ACB734007E9330 /* overbefore@2x.png */,
				DBAF5D1B18ACB734007E9330 /* overtestafter.png */,
				DBAF5D1C18ACB734007E9330 /* overtestafter@2x.png */,
				DBAF5D1D18ACB734007E9330 /* readbg.png */,
				DBAF5D1E18ACB734007E9330 /* readbg1.png */,
				DBAF5D1F18ACB734007E9330 /* readbg1@2x.png */,
				DBAF5D2018ACB734007E9330 /* readbg@2x.png */,
				DBAF5D2118ACB734007E9330 /* readbtn.png */,
				DBAF5D2218ACB734007E9330 /* readbtn@2x.png */,
				DBAF5D2318ACB734007E9330 /* readX.png */,
				DBAF5D2418ACB734007E9330 /* readX@2x.png */,
				DBAF5D2518ACB734007E9330 /* result.png */,
				DBAF5D2618ACB734007E9330 /* result@2x.png */,
				DBAF5D2718ACB734007E9330 /* resultbox1.png */,
				DBAF5D2818ACB734007E9330 /* resultbox1@2x.png */,
				DBAF5D2918ACB734007E9330 /* resultbox2.png */,
				DBAF5D2A18ACB734007E9330 /* resultbox2@2x.png */,
				DBAF5D2B18ACB734007E9330 /* return.png */,
				DBAF5D2C18ACB734007E9330 /* return@2x.png */,
				DBAF5D2D18ACB734007E9330 /* rseultbox2.png */,
				DBAF5D2E18ACB734007E9330 /* scoreO.png */,
				DBAF5D2F18ACB734007E9330 /* scrollBarTest.png */,
				DBAF5D3018ACB734007E9330 /* select01.png */,
				DBAF5D3118ACB734007E9330 /* select01@2x.png */,
				DBAF5D3218ACB734007E9330 /* select02.png */,
				DBAF5D3318ACB734007E9330 /* select02@2x.png */,
				DBAF5D3418ACB734007E9330 /* select03.png */,
				DBAF5D3518ACB734007E9330 /* select03@2x.png */,
				DBAF5D3618ACB734007E9330 /* select04.png */,
				DBAF5D3718ACB734007E9330 /* select04@2x.png */,
				DBAF5D3818ACB734007E9330 /* select05.png */,
				DBAF5D3918ACB734007E9330 /* select05@2x.png */,
				DBAF5D3A18ACB734007E9330 /* select06.png */,
				DBAF5D3B18ACB734007E9330 /* select06@2x.png */,
				DBAF5D3C18ACB734007E9330 /* select07.png */,
				DBAF5D3D18ACB734007E9330 /* select07@2x.png */,
				DBAF5D3E18ACB734007E9330 /* select08.png */,
				DBAF5D3F18ACB734007E9330 /* select08@2x.png */,
				DBAF5D4018ACB734007E9330 /* select09.png */,
				DBAF5D4118ACB734007E9330 /* select09@2x.png */,
				DBAF5D4218ACB734007E9330 /* select10.png */,
				DBAF5D4318ACB734007E9330 /* select10@2x.png */,
				DBAF5D4418ACB734007E9330 /* select11.png */,
				DBAF5D4518ACB734007E9330 /* select11@2x.png */,
				DBAF5D4618ACB734007E9330 /* select12.png */,
				DBAF5D4718ACB734007E9330 /* select12@2x.png */,
				DBAF5D4818ACB734007E9330 /* select13.png */,
				DBAF5D4918ACB734007E9330 /* select13@2x.png */,
				DBAF5D4A18ACB734007E9330 /* select14.png */,
				DBAF5D4B18ACB734007E9330 /* select14@2x.png */,
				DBAF5D4C18ACB734007E9330 /* select15.png */,
				DBAF5D4D18ACB734007E9330 /* select15@2x.png */,
				DBAF5D4E18ACB734007E9330 /* subbg.png */,
				DBAF5D4F18ACB734007E9330 /* subbg@2x.png */,
				DBAF5D5018ACB734007E9330 /* subTotalbg.png */,
				DBAF5D5118ACB734007E9330 /* subTotalbg2.png */,
				DBAF5D5218ACB734007E9330 /* subTotalbg2@2x.png */,
				DBAF5D5318ACB734007E9330 /* subTotalbg@2x.png */,
				DBAF5D5418ACB734007E9330 /* testafter.png */,
				DBAF5D5518ACB734007E9330 /* testafter@2x.png */,
				DBAF5D5618ACB734007E9330 /* testlisttitle.png */,
				DBAF5D5718ACB734007E9330 /* testlistview.png */,
				DBAF5D5818ACB734007E9330 /* testlistview@2x.png */,
				DBAF5D5918ACB734007E9330 /* testtitle.png */,
				DBAF5D5A18ACB734007E9330 /* Xbtn.png */,
				DBAF5D5B18ACB734007E9330 /* Xbtn@2x.png */,
				DBAF5D5C18ACB734007E9330 /* Xbtnimg.png */,
				DBAF5D5D18ACB734007E9330 /* Xbtnimg@2x.png */,
			);
			path = img;
			sourceTree = "<group>";
		};
/* End PBXGroup section */

/* Begin PBXNativeTarget section */
		DBAF5C6718ACB573007E9330 /* ToToToeicRC */ = {
			isa = PBXNativeTarget;
			buildConfigurationList = DBAF5C9A18ACB574007E9330 /* Build configuration list for PBXNativeTarget "ToToToeicRC" */;
			buildPhases = (
				DBAF5C6418ACB573007E9330 /* Sources */,
				DBAF5C6518ACB573007E9330 /* Frameworks */,
				DBAF5C6618ACB573007E9330 /* Resources */,
			);
			buildRules = (
			);
			dependencies = (
			);
			name = ToToToeicRC;
			productName = ToToToeicRC;
			productReference = DBAF5C6818ACB573007E9330 /* ToToToeicRC.app */;
			productType = "com.apple.product-type.application";
		};
		DBAF5C8818ACB574007E9330 /* ToToToeicRCTests */ = {
			isa = PBXNativeTarget;
			buildConfigurationList = DBAF5C9D18ACB574007E9330 /* Build configuration list for PBXNativeTarget "ToToToeicRCTests" */;
			buildPhases = (
				DBAF5C8518ACB574007E9330 /* Sources */,
				DBAF5C8618ACB574007E9330 /* Frameworks */,
				DBAF5C8718ACB574007E9330 /* Resources */,
			);
			buildRules = (
			);
			dependencies = (
				DBAF5C8F18ACB574007E9330 /* PBXTargetDependency */,
			);
			name = ToToToeicRCTests;
			productName = ToToToeicRCTests;
			productReference = DBAF5C8918ACB574007E9330 /* ToToToeicRCTests.xctest */;
			productType = "com.apple.product-type.bundle.unit-test";
		};
/* End PBXNativeTarget section */

/* Begin PBXProject section */
		DBAF5C6018ACB573007E9330 /* Project object */ = {
			isa = PBXProject;
			attributes = {
				LastUpgradeCheck = 0500;
				ORGANIZATIONNAME = "Jaewoong chang";
				TargetAttributes = {
					DBAF5C8818ACB574007E9330 = {
						TestTargetID = DBAF5C6718ACB573007E9330;
					};
				};
			};
			buildConfigurationList = DBAF5C6318ACB573007E9330 /* Build configuration list for PBXProject "ToToToeicRC" */;
			compatibilityVersion = "Xcode 3.2";
			developmentRegion = English;
			hasScannedForEncodings = 0;
			knownRegions = (
				en,
				Base,
			);
			mainGroup = DBAF5C5F18ACB573007E9330;
			productRefGroup = DBAF5C6918ACB573007E9330 /* Products */;
			projectDirPath = "";
			projectRoot = "";
			targets = (
				DBAF5C6718ACB573007E9330 /* ToToToeicRC */,
				DBAF5C8818ACB574007E9330 /* ToToToeicRCTests */,
			);
		};
/* End PBXProject section */

/* Begin PBXResourcesBuildPhase section */
		DBAF5C6618ACB573007E9330 /* Resources */ = {
			isa = PBXResourcesBuildPhase;
			buildActionMask = 2147483647;
			files = (
				DBAF5D9218ACB734007E9330 /* intro.png in Resources */,
				DBAF5D9918ACB734007E9330 /* menubg.png in Resources */,
				DBAF5D9618ACB734007E9330 /* intro3@2x.png in Resources */,
				DBAF5DBC18ACB734007E9330 /* over12@2x.png in Resources */,
				DBAF5DF418ACB734007E9330 /* select09.png in Resources */,
				DBAF5D8818ACB734007E9330 /* before.png in Resources */,
				DBAF5D7A18ACB734007E9330 /* 16.png in Resources */,
				DBAF5DA518ACB734007E9330 /* OK.png in Resources */,
				DBAF5DBD18ACB734007E9330 /* over13.png in Resources */,
				DBAF5D6918ACB734007E9330 /* 07@2x.png in Resources */,
				DBAF5DDA18ACB734007E9330 /* result@2x.png in Resources */,
				DBAF5DB918ACB734007E9330 /* over11.png in Resources */,
				DBAF5E0618ACB734007E9330 /* subTotalbg2@2x.png in Resources */,
				DBAF5DFF18ACB734007E9330 /* select14@2x.png in Resources */,
				DBAF5DDF18ACB734007E9330 /* return.png in Resources */,
				DBAF5DDC18ACB734007E9330 /* resultbox1@2x.png in Resources */,
				DBAF5DCD18ACB734007E9330 /* overbefore.png in Resources */,
				DBAF5DAF18ACB734007E9330 /* over06.png in Resources */,
				DBAF5DC418ACB734007E9330 /* over16@2x.png in Resources */,
				DBAF5DA018ACB734007E9330 /* note@2x.png in Resources */,
				DBAF5D9C18ACB734007E9330 /* menubg@2x.png in Resources */,
				DBAF5DF018ACB734007E9330 /* select07.png in Resources */,
				DBAF5D6F18ACB734007E9330 /* 10@2x.png in Resources */,
				DBAF5DA718ACB734007E9330 /* over02.png in Resources */,
				DBAF5DCE18ACB734007E9330 /* overbefore@2x.png in Resources */,
				DBAF5D8018ACB734007E9330 /* A.png in Resources */,
				DBAF5D9718ACB734007E9330 /* intro@2x.png in Resources */,
				DBAF5E0E18ACB734007E9330 /* Xbtn.png in Resources */,
				DBAF5DCB18ACB734007E9330 /* overanswercheck.png in Resources */,
				DBAF5DB018ACB734007E9330 /* over06@2x.png in Resources */,
				DBAF5DD918ACB734007E9330 /* result.png in Resources */,
				DBAF5D7B18ACB734007E9330 /* 16@2x.png in Resources */,
				DBAF5DA818ACB734007E9330 /* over02@2x.png in Resources */,
				DBAF5E0218ACB734007E9330 /* subbg.png in Resources */,
				DBAF5D6A18ACB734007E9330 /* 08.png in Resources */,
				DBAF5DBB18ACB734007E9330 /* over12.png in Resources */,
				DBAF5DC318ACB734007E9330 /* over16.png in Resources */,
				DBAF5DFC18ACB734007E9330 /* select13.png in Resources */,
				DBAF5DF818ACB734007E9330 /* select11.png in Resources */,
				DBAF5D7118ACB734007E9330 /* 11@2x.png in Resources */,
				DBAF5DC018ACB734007E9330 /* over14@2x.png in Resources */,
				DBAF5DD818ACB734007E9330 /* readX@2x.png in Resources */,
				DBAF5D7E18ACB734007E9330 /* 18.png in Resources */,
				DBAF5D8318ACB734007E9330 /* after@2x.png in Resources */,
				DBAF5D7D18ACB734007E9330 /* 17@2x.png in Resources */,
				DBAF5DEF18ACB734007E9330 /* select06@2x.png in Resources */,
				DBAF5DF518ACB734007E9330 /* select09@2x.png in Resources */,
				DBAF5DDE18ACB734007E9330 /* resultbox2@2x.png in Resources */,
				DBAF5DA418ACB734007E9330 /* Obtnimg@2x.png in Resources */,
				DBAF5D8118ACB734007E9330 /* A@2x.png in Resources */,
				DBAF5D6518ACB734007E9330 /* 05@2x.png in Resources */,
				DBAF5DD418ACB734007E9330 /* readbg@2x.png in Resources */,
				DBAF5DAB18ACB734007E9330 /* over04.png in Resources */,
				DBAF5DB318ACB734007E9330 /* over08.png in Resources */,
				DBAF5DD118ACB734007E9330 /* readbg.png in Resources */,
				DBAF5D6418ACB734007E9330 /* 05.png in Resources */,
				DBAF5D6818ACB734007E9330 /* 07.png in Resources */,
				DBAF5DE118ACB734007E9330 /* rseultbox2.png in Resources */,
				DBAF5DAA18ACB734007E9330 /* over03@2x.png in Resources */,
				DBAF5DC818ACB734007E9330 /* over18@2x.png in Resources */,
				DBAF5DD318ACB734007E9330 /* readbg1@2x.png in Resources */,
				DBAF5DEA18ACB734007E9330 /* select04.png in Resources */,
				DBAF5D8B18ACB734007E9330 /* book@2x.png in Resources */,
				DBAF5D6B18ACB734007E9330 /* 08@2x.png in Resources */,
				DBAF5E0C18ACB734007E9330 /* testlistview@2x.png in Resources */,
				DBAF5DE618ACB734007E9330 /* select02.png in Resources */,
				DBAF5DCF18ACB734007E9330 /* overtestafter.png in Resources */,
				DBAF5DF718ACB734007E9330 /* select10@2x.png in Resources */,
				DBAF5D8218ACB734007E9330 /* after.png in Resources */,
				DBAF5D7918ACB734007E9330 /* 15@2x.png in Resources */,
				DBAF5D8E18ACB734007E9330 /* C.png in Resources */,
				DBAF5E1918ACEBA0007E9330 /* toeicrc.sqlite in Resources */,
				DBAF5D5F18ACB734007E9330 /* 02@2x.png in Resources */,
				DBAF5D9518ACB734007E9330 /* intro3.png in Resources */,
				DBAF5C8418ACB574007E9330 /* Images.xcassets in Resources */,
				DBAF5DB418ACB734007E9330 /* over08@2x.png in Resources */,
				DBAF5DD018ACB734007E9330 /* overtestafter@2x.png in Resources */,
				DBAF5DE518ACB734007E9330 /* select01@2x.png in Resources */,
				DBAF5DC618ACB734007E9330 /* over17@2x.png in Resources */,
				DBAF5DF318ACB734007E9330 /* select08@2x.png in Resources */,
				DBAF5DBA18ACB734007E9330 /* over11@2x.png in Resources */,
				DBAF5D7618ACB734007E9330 /* 14.png in Resources */,
				DBAF5D6D18ACB734007E9330 /* 09@2x.png in Resources */,
				DBAF5E0118ACB734007E9330 /* select15@2x.png in Resources */,
				DBAF5DA318ACB734007E9330 /* Obtnimg.png in Resources */,
				DBAF5D8518ACB734007E9330 /* answercheck@2x.png in Resources */,
				DBAF5DB118ACB734007E9330 /* over07.png in Resources */,
				DBAF5DEC18ACB734007E9330 /* select05.png in Resources */,
				DBAF5E0718ACB734007E9330 /* subTotalbg@2x.png in Resources */,
				DBAF5DDB18ACB734007E9330 /* resultbox1.png in Resources */,
				DBAF5DAE18ACB734007E9330 /* over05@2x.png in Resources */,
				DBAF5E0418ACB734007E9330 /* subTotalbg.png in Resources */,
				DBAF5D9418ACB734007E9330 /* intro2@2x.png in Resources */,
				DBAF5E0018ACB734007E9330 /* select15.png in Resources */,
				DBAF5D8618ACB734007E9330 /* B.png in Resources */,
				DBAF5D7F18ACB734007E9330 /* 18@2x.png in Resources */,
				DBAF5D6718ACB734007E9330 /* 06@2x.png in Resources */,
				DBAF5DF618ACB734007E9330 /* select10.png in Resources */,
				DBAF5D9D18ACB734007E9330 /* noOK.png in Resources */,
				DBAF5D7718ACB734007E9330 /* 14@2x.png in Resources */,
				DBAF5DEE18ACB734007E9330 /* select06.png in Resources */,
				DBAF5DE018ACB734007E9330 /* return@2x.png in Resources */,
				DBAF5D7218ACB734007E9330 /* 12.png in Resources */,
				DBAF5DD518ACB734007E9330 /* readbtn.png in Resources */,
				DBAF5DF218ACB734007E9330 /* select08.png in Resources */,
				DBAF5D8718ACB734007E9330 /* B@2x.png in Resources */,
				DBAF5D7818ACB734007E9330 /* 15.png in Resources */,
				DBAF5DC218ACB734007E9330 /* over15@2x.png in Resources */,
				DBAF5D9B18ACB734007E9330 /* menubg2@2x.png in Resources */,
				DBAF5DFA18ACB734007E9330 /* select12.png in Resources */,
				DBAF5E0D18ACB734007E9330 /* testtitle.png in Resources */,
				DBAF5DC118ACB734007E9330 /* over15.png in Resources */,
				DBAF5DF918ACB734007E9330 /* select11@2x.png in Resources */,
				DBAF5DB618ACB734007E9330 /* over09@2x.png in Resources */,
				DBAF5E0F18ACB734007E9330 /* Xbtn@2x.png in Resources */,
				DBAF5E0818ACB734007E9330 /* testafter.png in Resources */,
				DBAF5DC518ACB734007E9330 /* over17.png in Resources */,
				DBAF5D7418ACB734007E9330 /* 13.png in Resources */,
				DBAF5D7018ACB734007E9330 /* 11.png in Resources */,
				DBAF5E0A18ACB734007E9330 /* testlisttitle.png in Resources */,
				DBAF5D8D18ACB734007E9330 /* box2@2x.png in Resources */,
				DBAF5D7518ACB734007E9330 /* 13@2x.png in Resources */,
				DBAF5DED18ACB734007E9330 /* select05@2x.png in Resources */,
				DBAF5D9818ACB734007E9330 /* mask.png in Resources */,
				DBAF5E1118ACB734007E9330 /* Xbtnimg@2x.png in Resources */,
				DBAF5D9018ACB734007E9330 /* F.png in Resources */,
				DBAF5DE718ACB734007E9330 /* select02@2x.png in Resources */,
				DBAF5E1018ACB734007E9330 /* Xbtnimg.png in Resources */,
				DBAF5D6E18ACB734007E9330 /* 10.png in Resources */,
				DBAF5D8418ACB734007E9330 /* answercheck.png in Resources */,
				DBAF5D9A18ACB734007E9330 /* menubg2.png in Resources */,
				DBAF5DE418ACB734007E9330 /* select01.png in Resources */,
				DBAF5DBE18ACB734007E9330 /* over13@2x.png in Resources */,
				DBAF5DA218ACB734007E9330 /* Obtn@2x.png in Resources */,
				DBAF5D6118ACB734007E9330 /* 03@2x.png in Resources */,
				DBAF5DB718ACB734007E9330 /* over10.png in Resources */,
				DBAF5E0518ACB734007E9330 /* subTotalbg2.png in Resources */,
				DBAF5DFE18ACB734007E9330 /* select14.png in Resources */,
				DBAF5D9E18ACB734007E9330 /* noOK@2x.png in Resources */,
				DBAF5DFD18ACB734007E9330 /* select13@2x.png in Resources */,
				DBAF5DB818ACB734007E9330 /* over10@2x.png in Resources */,
				DBAF5D6C18ACB734007E9330 /* 09.png in Resources */,
				DBAF5D7C18ACB734007E9330 /* 17.png in Resources */,
				DBAF5DE218ACB734007E9330 /* scoreO.png in Resources */,
				DBAF5D8F18ACB734007E9330 /* C@2x.png in Resources */,
				DBAF5DA618ACB734007E9330 /* OK@2x.png in Resources */,
				DBAF5DFB18ACB734007E9330 /* select12@2x.png in Resources */,
				DBAF5DAD18ACB734007E9330 /* over05.png in Resources */,
				DBAF5D8A18ACB734007E9330 /* book.png in Resources */,
				DBAF5DF118ACB734007E9330 /* select07@2x.png in Resources */,
				DBAF5C7618ACB574007E9330 /* InfoPlist.strings in Resources */,
				DBAF5C7F18ACB574007E9330 /* Main.storyboard in Resources */,
				DBAF5D6618ACB734007E9330 /* 06.png in Resources */,
				DBAF5D9118ACB734007E9330 /* F@2x.png in Resources */,
				DBAF5DD218ACB734007E9330 /* readbg1.png in Resources */,
				DBAF5D9318ACB734007E9330 /* intro2.png in Resources */,
				DBAF5D6218ACB734007E9330 /* 04.png in Resources */,
				DBAF5D6318ACB734007E9330 /* 04@2x.png in Resources */,
				DBAF5DDD18ACB734007E9330 /* resultbox2.png in Resources */,
				DBAF5D7318ACB734007E9330 /* 12@2x.png in Resources */,
				DBAF5DAC18ACB734007E9330 /* over04@2x.png in Resources */,
				DBAF5DC718ACB734007E9330 /* over18.png in Resources */,
				DBAF5D8C18ACB734007E9330 /* box2.png in Resources */,
				DBAF5D6018ACB734007E9330 /* 03.png in Resources */,
				DBAF5DE318ACB734007E9330 /* scrollBarTest.png in Resources */,
				DBAF5DD718ACB734007E9330 /* readX.png in Resources */,
				DBAF5DEB18ACB734007E9330 /* select04@2x.png in Resources */,
				DBAF5DE918ACB734007E9330 /* select03@2x.png in Resources */,
				DBAF5D5E18ACB734007E9330 /* 02.png in Resources */,
				DBAF5E0318ACB734007E9330 /* subbg@2x.png in Resources */,
				DBAF5DA918ACB734007E9330 /* over03.png in Resources */,
				DBAF5D8918ACB734007E9330 /* before@2x.png in Resources */,
				DBAF5E0B18ACB734007E9330 /* testlistview.png in Resources */,
				DBAF5DB518ACB734007E9330 /* over09.png in Resources */,
				DBAF5DC918ACB734007E9330 /* overafter.png in Resources */,
				DBAF5DCA18ACB734007E9330 /* overafter@2x.png in Resources */,
				DBAF5DCC18ACB734007E9330 /* overanswercheck@2x.png in Resources */,
				DBAF5DB218ACB734007E9330 /* over07@2x.png in Resources */,
				DBAF5D9F18ACB734007E9330 /* note.png in Resources */,
				DBAF5DA118ACB734007E9330 /* Obtn.png in Resources */,
				DBAF5DBF18ACB734007E9330 /* over14.png in Resources */,
				DBAF5DE818ACB734007E9330 /* select03.png in Resources */,
				DBAF5DD618ACB734007E9330 /* readbtn@2x.png in Resources */,
				DBAF5E0918ACB734007E9330 /* testafter@2x.png in Resources */,
			);
			runOnlyForDeploymentPostprocessing = 0;
		};
		DBAF5C8718ACB574007E9330 /* Resources */ = {
			isa = PBXResourcesBuildPhase;
			buildActionMask = 2147483647;
			files = (
				DBAF5C9518ACB574007E9330 /* InfoPlist.strings in Resources */,
			);
			runOnlyForDeploymentPostprocessing = 0;
		};
/* End PBXResourcesBuildPhase section */

/* Begin PBXSourcesBuildPhase section */
		DBAF5C6418ACB573007E9330 /* Sources */ = {
			isa = PBXSourcesBuildPhase;
			buildActionMask = 2147483647;
			files = (
				DBAF5C8218ACB574007E9330 /* ViewController.m in Sources */,
				DBAF5CA218ACB5C5007E9330 /* SubViewController1.m in Sources */,
				DBAF5C7C18ACB574007E9330 /* AppDelegate.m in Sources */,
				DBAF5C7818ACB574007E9330 /* main.m in Sources */,
				DBAF5CA518ACB5DD007E9330 /* SubViewController2.m in Sources */,
				DBAF5E1618ACDE1E007E9330 /* TestSet.m in Sources */,
				DBAF5CA818ACB5EE007E9330 /* SubViewController3.m in Sources */,
			);
			runOnlyForDeploymentPostprocessing = 0;
		};
		DBAF5C8518ACB574007E9330 /* Sources */ = {
			isa = PBXSourcesBuildPhase;
			buildActionMask = 2147483647;
			files = (
				DBAF5C9718ACB574007E9330 /* ToToToeicRCTests.m in Sources */,
			);
			runOnlyForDeploymentPostprocessing = 0;
		};
/* End PBXSourcesBuildPhase section */

/* Begin PBXTargetDependency section */
		DBAF5C8F18ACB574007E9330 /* PBXTargetDependency */ = {
			isa = PBXTargetDependency;
			target = DBAF5C6718ACB573007E9330 /* ToToToeicRC */;
			targetProxy = DBAF5C8E18ACB574007E9330 /* PBXContainerItemProxy */;
		};
/* End PBXTargetDependency section */

/* Begin PBXVariantGroup section */
		DBAF5C7418ACB574007E9330 /* InfoPlist.strings */ = {
			isa = PBXVariantGroup;
			children = (
				DBAF5C7518ACB574007E9330 /* en */,
			);
			name = InfoPlist.strings;
			sourceTree = "<group>";
		};
		DBAF5C7D18ACB574007E9330 /* Main.storyboard */ = {
			isa = PBXVariantGroup;
			children = (
				DBAF5C7E18ACB574007E9330 /* Base */,
			);
			name = Main.storyboard;
			sourceTree = "<group>";
		};
		DBAF5C9318ACB574007E9330 /* InfoPlist.strings */ = {
			isa = PBXVariantGroup;
			children = (
				DBAF5C9418ACB574007E9330 /* en */,
			);
			name = InfoPlist.strings;
			sourceTree = "<group>";
		};
/* End PBXVariantGroup section */

/* Begin XCBuildConfiguration section */
		DBAF5C9818ACB574007E9330 /* Debug */ = {
			isa = XCBuildConfiguration;
			buildSettings = {
				ALWAYS_SEARCH_USER_PATHS = NO;
				ARCHS = "$(ARCHS_STANDARD_INCLUDING_64_BIT)";
				CLANG_CXX_LANGUAGE_STANDARD = "gnu++0x";
				CLANG_CXX_LIBRARY = "libc++";
				CLANG_ENABLE_MODULES = YES;
				CLANG_ENABLE_OBJC_ARC = YES;
				CLANG_WARN_BOOL_CONVERSION = YES;
				CLANG_WARN_CONSTANT_CONVERSION = YES;
				CLANG_WARN_DIRECT_OBJC_ISA_USAGE = YES_ERROR;
				CLANG_WARN_EMPTY_BODY = YES;
				CLANG_WARN_ENUM_CONVERSION = YES;
				CLANG_WARN_INT_CONVERSION = YES;
				CLANG_WARN_OBJC_ROOT_CLASS = YES_ERROR;
				CLANG_WARN__DUPLICATE_METHOD_MATCH = YES;
				"CODE_SIGN_IDENTITY[sdk=iphoneos*]" = "iPhone Developer";
				COPY_PHASE_STRIP = NO;
				GCC_C_LANGUAGE_STANDARD = gnu99;
				GCC_DYNAMIC_NO_PIC = NO;
				GCC_OPTIMIZATION_LEVEL = 0;
				GCC_PREPROCESSOR_DEFINITIONS = (
					"DEBUG=1",
					"$(inherited)",
				);
				GCC_SYMBOLS_PRIVATE_EXTERN = NO;
				GCC_WARN_64_TO_32_BIT_CONVERSION = YES;
				GCC_WARN_ABOUT_RETURN_TYPE = YES_ERROR;
				GCC_WARN_UNDECLARED_SELECTOR = YES;
				GCC_WARN_UNINITIALIZED_AUTOS = YES;
				GCC_WARN_UNUSED_FUNCTION = YES;
				GCC_WARN_UNUSED_VARIABLE = YES;
				IPHONEOS_DEPLOYMENT_TARGET = 7.0;
				ONLY_ACTIVE_ARCH = YES;
				SDKROOT = iphoneos;
			};
			name = Debug;
		};
		DBAF5C9918ACB574007E9330 /* Release */ = {
			isa = XCBuildConfiguration;
			buildSettings = {
				ALWAYS_SEARCH_USER_PATHS = NO;
				ARCHS = "$(ARCHS_STANDARD_INCLUDING_64_BIT)";
				CLANG_CXX_LANGUAGE_STANDARD = "gnu++0x";
				CLANG_CXX_LIBRARY = "libc++";
				CLANG_ENABLE_MODULES = YES;
				CLANG_ENABLE_OBJC_ARC = YES;
				CLANG_WARN_BOOL_CONVERSION = YES;
				CLANG_WARN_CONSTANT_CONVERSION = YES;
				CLANG_WARN_DIRECT_OBJC_ISA_USAGE = YES_ERROR;
				CLANG_WARN_EMPTY_BODY = YES;
				CLANG_WARN_ENUM_CONVERSION = YES;
				CLANG_WARN_INT_CONVERSION = YES;
				CLANG_WARN_OBJC_ROOT_CLASS = YES_ERROR;
				CLANG_WARN__DUPLICATE_METHOD_MATCH = YES;
				"CODE_SIGN_IDENTITY[sdk=iphoneos*]" = "iPhone Developer";
				COPY_PHASE_STRIP = YES;
				ENABLE_NS_ASSERTIONS = NO;
				GCC_C_LANGUAGE_STANDARD = gnu99;
				GCC_WARN_64_TO_32_BIT_CONVERSION = YES;
				GCC_WARN_ABOUT_RETURN_TYPE = YES_ERROR;
				GCC_WARN_UNDECLARED_SELECTOR = YES;
				GCC_WARN_UNINITIALIZED_AUTOS = YES;
				GCC_WARN_UNUSED_FUNCTION = YES;
				GCC_WARN_UNUSED_VARIABLE = YES;
				IPHONEOS_DEPLOYMENT_TARGET = 7.0;
				SDKROOT = iphoneos;
				VALIDATE_PRODUCT = YES;
			};
			name = Release;
		};
		DBAF5C9B18ACB574007E9330 /* Debug */ = {
			isa = XCBuildConfiguration;
			buildSettings = {
				ASSETCATALOG_COMPILER_APPICON_NAME = AppIcon;
				ASSETCATALOG_COMPILER_LAUNCHIMAGE_NAME = LaunchImage;
				GCC_PRECOMPILE_PREFIX_HEADER = YES;
				GCC_PREFIX_HEADER = "ToToToeicRC/ToToToeicRC-Prefix.pch";
				INFOPLIST_FILE = "ToToToeicRC/ToToToeicRC-Info.plist";
				PRODUCT_NAME = "$(TARGET_NAME)";
				WRAPPER_EXTENSION = app;
			};
			name = Debug;
		};
		DBAF5C9C18ACB574007E9330 /* Release */ = {
			isa = XCBuildConfiguration;
			buildSettings = {
				ASSETCATALOG_COMPILER_APPICON_NAME = AppIcon;
				ASSETCATALOG_COMPILER_LAUNCHIMAGE_NAME = LaunchImage;
				GCC_PRECOMPILE_PREFIX_HEADER = YES;
				GCC_PREFIX_HEADER = "ToToToeicRC/ToToToeicRC-Prefix.pch";
				INFOPLIST_FILE = "ToToToeicRC/ToToToeicRC-Info.plist";
				PRODUCT_NAME = "$(TARGET_NAME)";
				WRAPPER_EXTENSION = app;
			};
			name = Release;
		};
		DBAF5C9E18ACB574007E9330 /* Debug */ = {
			isa = XCBuildConfiguration;
			buildSettings = {
				ARCHS = "$(ARCHS_STANDARD_INCLUDING_64_BIT)";
				BUNDLE_LOADER = "$(BUILT_PRODUCTS_DIR)/ToToToeicRC.app/ToToToeicRC";
				FRAMEWORK_SEARCH_PATHS = (
					"$(SDKROOT)/Developer/Library/Frameworks",
					"$(inherited)",
					"$(DEVELOPER_FRAMEWORKS_DIR)",
				);
				GCC_PRECOMPILE_PREFIX_HEADER = YES;
				GCC_PREFIX_HEADER = "ToToToeicRC/ToToToeicRC-Prefix.pch";
				GCC_PREPROCESSOR_DEFINITIONS = (
					"DEBUG=1",
					"$(inherited)",
				);
				INFOPLIST_FILE = "ToToToeicRCTests/ToToToeicRCTests-Info.plist";
				PRODUCT_NAME = "$(TARGET_NAME)";
				TEST_HOST = "$(BUNDLE_LOADER)";
				WRAPPER_EXTENSION = xctest;
			};
			name = Debug;
		};
		DBAF5C9F18ACB574007E9330 /* Release */ = {
			isa = XCBuildConfiguration;
			buildSettings = {
				ARCHS = "$(ARCHS_STANDARD_INCLUDING_64_BIT)";
				BUNDLE_LOADER = "$(BUILT_PRODUCTS_DIR)/ToToToeicRC.app/ToToToeicRC";
				FRAMEWORK_SEARCH_PATHS = (
					"$(SDKROOT)/Developer/Library/Frameworks",
					"$(inherited)",
					"$(DEVELOPER_FRAMEWORKS_DIR)",
				);
				GCC_PRECOMPILE_PREFIX_HEADER = YES;
				GCC_PREFIX_HEADER = "ToToToeicRC/ToToToeicRC-Prefix.pch";
				INFOPLIST_FILE = "ToToToeicRCTests/ToToToeicRCTests-Info.plist";
				PRODUCT_NAME = "$(TARGET_NAME)";
				TEST_HOST = "$(BUNDLE_LOADER)";
				WRAPPER_EXTENSION = xctest;
			};
			name = Release;
		};
/* End XCBuildConfiguration section */

/* Begin XCConfigurationList section */
		DBAF5C6318ACB573007E9330 /* Build configuration list for PBXProject "ToToToeicRC" */ = {
			isa = XCConfigurationList;
			buildConfigurations = (
				DBAF5C9818ACB574007E9330 /* Debug */,
				DBAF5C9918ACB574007E9330 /* Release */,
			);
			defaultConfigurationIsVisible = 0;
			defaultConfigurationName = Release;
		};
		DBAF5C9A18ACB574007E9330 /* Build configuration list for PBXNativeTarget "ToToToeicRC" */ = {
			isa = XCConfigurationList;
			buildConfigurations = (
				DBAF5C9B18ACB574007E9330 /* Debug */,
				DBAF5C9C18ACB574007E9330 /* Release */,
			);
			defaultConfigurationIsVisible = 0;
		};
		DBAF5C9D18ACB574007E9330 /* Build configuration list for PBXNativeTarget "ToToToeicRCTests" */ = {
			isa = XCConfigurationList;
			buildConfigurations = (
				DBAF5C9E18ACB574007E9330 /* Debug */,
				DBAF5C9F18ACB574007E9330 /* Release */,
			);
			defaultConfigurationIsVisible = 0;
		};
/* End XCConfigurationList section */
	};
	rootObject = DBAF5C6018ACB573007E9330 /* Project object */;
}
